<?xml version="1.0" encoding="utf-8"?>
<Project ToolsVersion="4.0" xmlns="http://schemas.microsoft.com/developer/msbuild/2003">
  <ItemGroup>
    <Filter Include="Source Files">
      <UniqueIdentifier>{4FC737F1-C7A5-4376-A066-2A32D752A2FF}</UniqueIdentifier>
      <Extensions>cpp;c;cc;cxx;def;odl;idl;hpj;bat;asm;asmx</Extensions>
    </Filter>
    <Filter Include="Header Files">
      <UniqueIdentifier>{93995380-89BD-4b04-88EB-625FBE52EBFB}</UniqueIdentifier>
      <Extensions>h;hh;hpp;hxx;hm;inl;inc;ipp;xsd</Extensions>
    </Filter>
    <Filter Include="Resource Files">
      <UniqueIdentifier>{67DA6AB6-F800-4c08-8B7A-83BB121AAD01}</UniqueIdentifier>
      <Extensions>rc;ico;cur;bmp;dlg;rc2;rct;bin;rgs;gif;jpg;jpeg;jpe;resx;tiff;tif;png;wav;mfcribbon-ms</Extensions>
    </Filter>
    <Filter Include="Test">
      <UniqueIdentifier>{81ba515b-dc62-4649-9f49-dcb251390e17}</UniqueIdentifier>
    </Filter>
  </ItemGroup>
  <ItemGroup>
    <ClCompile Include="Main.cpp">
      <Filter>Source Files</Filter>
    </ClCompile>
    <ClCompile Include="Test\Test.cpp">
      <Filter>Test</Filter>
    </ClCompile>
    <ClCompile Include="Test\TestFunctor.cpp">
      <Filter>Test</Filter>
    </ClCompile>
    <ClCompile Include="Test\TestNamedParameter.cpp">
      <Filter>Test</Filter>
    </ClCompile>
    <ClCompile Include="Test\TestMeta.cpp">
      <Filter>Test</Filter>
    </ClCompile>
    <ClCompile Include="Test\TestUtility.cpp">
      <Filter>Test</Filter>
    </ClCompile>
    <ClCompile Include="Test\TestFormatInt.cpp">
      <Filter>Test</Filter>
    </ClCompile>
    <ClCompile Include="Test\TestTypeTraits.cpp">
      <Filter>Test</Filter>
    </ClCompile>
    <ClCompile Include="Test\TestByte.cpp">
      <Filter>Test</Filter>
    </ClCompile>
    <ClCompile Include="Test\TestArray.cpp">
      <Filter>Test</Filter>
    </ClCompile>
    <ClCompile Include="Test\TestBoolArray.cpp">
      <Filter>Test</Filter>
    </ClCompile>
    <ClCompile Include="Test\TestOptional.cpp">
      <Filter>Test</Filter>
    </ClCompile>
    <ClCompile Include="Test\TestFormatLiteral.cpp">
      <Filter>Test</Filter>
    </ClCompile>
  </ItemGroup>
  <ItemGroup>
    <Image Include="App\Icon.ico">
      <Filter>Resource Files</Filter>
    </Image>
  </ItemGroup>
  <ItemGroup>
    <ResourceCompile Include="App\Resource.rc">
      <Filter>Resource Files</Filter>
    </ResourceCompile>
  </ItemGroup>
  <ItemGroup>
    <ClInclude Include="Test\Test.hpp">
      <Filter>Test</Filter>
    </ClInclude>
  </ItemGroup>
</Project>