// !$*UTF8*$!
{
	archiveVersion = 1;
	classes = {
	};
	objectVersion = 46;
	objects = {

/* Begin PBXBuildFile section */
		2C1778C31CE0D62A00BB8AD0 /* Main.cpp in Sources */ = {isa = PBXBuildFile; fileRef = 2CA7F74E1CA7F43D00495647 /* Main.cpp */; };
		2C1778D01CE0D65D00BB8AD0 /* libSiv3D.a in Frameworks */ = {isa = PBXBuildFile; fileRef = 2CA7F73D1CA7F3B100495647 /* libSiv3D.a */; };
		2C316E1B1E9B3B260011CAAE /* engine in Resources */ = {isa = PBXBuildFile; fileRef = 2C316E1A1E9B3B260011CAAE /* engine */; };
		2C8588EC1F929277000DA815 /* icon.icns in Resources */ = {isa = PBXBuildFile; fileRef = 2C8588EB1F929277000DA815 /* icon.icns */; };
		2C8589171F93DE31000DA815 /* Siv3DMain_macOS.cpp in Sources */ = {isa = PBXBuildFile; fileRef = 2C8588F91F929911000DA815 /* Siv3DMain_macOS.cpp */; };
		2C8589181F93DE36000DA815 /* Siv3DMain_Windows.cpp in Sources */ = {isa = PBXBuildFile; fileRef = 2C8588FA1F929911000DA815 /* Siv3DMain_Windows.cpp */; };
		2C8589191F93DE3F000DA815 /* format.cc in Sources */ = {isa = PBXBuildFile; fileRef = 2C8588FD1F929911000DA815 /* format.cc */; };
		2C85891A1F93DE47000DA815 /* SivUnicode.cpp in Sources */ = {isa = PBXBuildFile; fileRef = 2C8588F81F929911000DA815 /* SivUnicode.cpp */; };
		2C85891B1F93DE4B000DA815 /* SivText.cpp in Sources */ = {isa = PBXBuildFile; fileRef = 2C8588F61F929911000DA815 /* SivText.cpp */; };
		2C85891C1F93DE50000DA815 /* SivFormatLiteral.cpp in Sources */ = {isa = PBXBuildFile; fileRef = 2C8588F41F929911000DA815 /* SivFormatLiteral.cpp */; };
		2C85891D1F93DE54000DA815 /* SivByte.cpp in Sources */ = {isa = PBXBuildFile; fileRef = 2C8588F21F929911000DA815 /* SivByte.cpp */; };
		2C85891E1F93DE5C000DA815 /* format.h in Headers */ = {isa = PBXBuildFile; fileRef = 2C8589151F929911000DA815 /* format.h */; };
		2C85891F1F93DE60000DA815 /* Siv3D.hpp in Headers */ = {isa = PBXBuildFile; fileRef = 2C8589121F929911000DA815 /* Siv3D.hpp */; };
		2C8589201F93DE67000DA815 /* NamedParameter.hpp in Headers */ = {isa = PBXBuildFile; fileRef = 2C8589161F93DDB4000DA815 /* NamedParameter.hpp */; };
		2C8589211F93DE67000DA815 /* Byte.hpp in Headers */ = {isa = PBXBuildFile; fileRef = 2C8589011F929911000DA815 /* Byte.hpp */; };
		2C8589221F93DE67000DA815 /* ByteArrayView.hpp in Headers */ = {isa = PBXBuildFile; fileRef = 2C8589021F929911000DA815 /* ByteArrayView.hpp */; };
		2C8589231F93DE67000DA815 /* Char.hpp in Headers */ = {isa = PBXBuildFile; fileRef = 2C8589031F929911000DA815 /* Char.hpp */; };
		2C8589241F93DE67000DA815 /* FormatLiteral.hpp in Headers */ = {isa = PBXBuildFile; fileRef = 2C8589041F929911000DA815 /* FormatLiteral.hpp */; };
		2C8589251F93DE67000DA815 /* Functor.hpp in Headers */ = {isa = PBXBuildFile; fileRef = 2C8589051F929911000DA815 /* Functor.hpp */; };
		2C8589261F93DE67000DA815 /* Fwd.hpp in Headers */ = {isa = PBXBuildFile; fileRef = 2C8589061F929911000DA815 /* Fwd.hpp */; };
		2C8589271F93DE67000DA815 /* Hash.hpp in Headers */ = {isa = PBXBuildFile; fileRef = 2C8589071F929911000DA815 /* Hash.hpp */; };
		2C8589281F93DE67000DA815 /* Meta.hpp in Headers */ = {isa = PBXBuildFile; fileRef = 2C8589081F929911000DA815 /* Meta.hpp */; };
		2C8589291F93DE67000DA815 /* PlaceHolder.hpp in Headers */ = {isa = PBXBuildFile; fileRef = 2C8589091F929911000DA815 /* PlaceHolder.hpp */; };
		2C85892A1F93DE67000DA815 /* Platform.hpp in Headers */ = {isa = PBXBuildFile; fileRef = 2C85890A1F929911000DA815 /* Platform.hpp */; };
		2C85892B1F93DE67000DA815 /* String.hpp in Headers */ = {isa = PBXBuildFile; fileRef = 2C85890B1F929911000DA815 /* String.hpp */; };
		2C85892C1F93DE67000DA815 /* StringView.hpp in Headers */ = {isa = PBXBuildFile; fileRef = 2C85890C1F929911000DA815 /* StringView.hpp */; };
		2C85892D1F93DE67000DA815 /* Types.hpp in Headers */ = {isa = PBXBuildFile; fileRef = 2C85890D1F929911000DA815 /* Types.hpp */; };
		2C85892E1F93DE67000DA815 /* Uncopyable.hpp in Headers */ = {isa = PBXBuildFile; fileRef = 2C85890E1F929911000DA815 /* Uncopyable.hpp */; };
		2C85892F1F93DE67000DA815 /* Unicode.hpp in Headers */ = {isa = PBXBuildFile; fileRef = 2C85890F1F929911000DA815 /* Unicode.hpp */; };
		2C8589301F93DE67000DA815 /* Utility.hpp in Headers */ = {isa = PBXBuildFile; fileRef = 2C8589101F929911000DA815 /* Utility.hpp */; };
		2C8589311F93DE67000DA815 /* Version.hpp in Headers */ = {isa = PBXBuildFile; fileRef = 2C8589111F929911000DA815 /* Version.hpp */; };
		2CC7F9561F34A6A20071A239 /* OpenAL.framework in Frameworks */ = {isa = PBXBuildFile; fileRef = 2CC7F9541F34A5840071A239 /* OpenAL.framework */; };
/* End PBXBuildFile section */

/* Begin PBXFileReference section */
		2C1585801F21FD87002687D2 /* libangelscript.a */ = {isa = PBXFileReference; lastKnownFileType = archive.ar; name = libangelscript.a; path = ../Siv3D/Lib/macOS/angelscript/libangelscript.a; sourceTree = "<group>"; };
		2C1585821F21FDBA002687D2 /* langelscript.a */ = {isa = PBXFileReference; lastKnownFileType = archive.ar; name = langelscript.a; path = ../Siv3D/Lib/macOS/angelscript/langelscript.a; sourceTree = "<group>"; };
		2C1778B21CE0D5DB00BB8AD0 /* Siv3D-Test.app */ = {isa = PBXFileReference; explicitFileType = wrapper.application; includeInIndex = 0; path = "Siv3D-Test.app"; sourceTree = BUILT_PRODUCTS_DIR; };
		2C1778BF1CE0D5DB00BB8AD0 /* Info.plist */ = {isa = PBXFileReference; lastKnownFileType = text.plist.xml; path = Info.plist; sourceTree = "<group>"; };
		2C316E1A1E9B3B260011CAAE /* engine */ = {isa = PBXFileReference; lastKnownFileType = folder; name = engine; path = bin/engine; sourceTree = SOURCE_ROOT; };
		2C8588EB1F929277000DA815 /* icon.icns */ = {isa = PBXFileReference; lastKnownFileType = image.icns; path = icon.icns; sourceTree = "<group>"; };
		2C8588F21F929911000DA815 /* SivByte.cpp */ = {isa = PBXFileReference; lastKnownFileType = sourcecode.cpp.cpp; path = SivByte.cpp; sourceTree = "<group>"; };
		2C8588F41F929911000DA815 /* SivFormatLiteral.cpp */ = {isa = PBXFileReference; lastKnownFileType = sourcecode.cpp.cpp; path = SivFormatLiteral.cpp; sourceTree = "<group>"; };
		2C8588F61F929911000DA815 /* SivText.cpp */ = {isa = PBXFileReference; lastKnownFileType = sourcecode.cpp.cpp; path = SivText.cpp; sourceTree = "<group>"; };
		2C8588F81F929911000DA815 /* SivUnicode.cpp */ = {isa = PBXFileReference; lastKnownFileType = sourcecode.cpp.cpp; path = SivUnicode.cpp; sourceTree = "<group>"; };
		2C8588F91F929911000DA815 /* Siv3DMain_macOS.cpp */ = {isa = PBXFileReference; lastKnownFileType = sourcecode.cpp.cpp; path = Siv3DMain_macOS.cpp; sourceTree = "<group>"; };
		2C8588FA1F929911000DA815 /* Siv3DMain_Windows.cpp */ = {isa = PBXFileReference; lastKnownFileType = sourcecode.cpp.cpp; path = Siv3DMain_Windows.cpp; sourceTree = "<group>"; };
		2C8588FD1F929911000DA815 /* format.cc */ = {isa = PBXFileReference; lastKnownFileType = sourcecode.cpp.cpp; path = format.cc; sourceTree = "<group>"; };
		2C8589011F929911000DA815 /* Byte.hpp */ = {isa = PBXFileReference; lastKnownFileType = sourcecode.cpp.h; path = Byte.hpp; sourceTree = "<group>"; };
		2C8589021F929911000DA815 /* ByteArrayView.hpp */ = {isa = PBXFileReference; lastKnownFileType = sourcecode.cpp.h; path = ByteArrayView.hpp; sourceTree = "<group>"; };
		2C8589031F929911000DA815 /* Char.hpp */ = {isa = PBXFileReference; lastKnownFileType = sourcecode.cpp.h; path = Char.hpp; sourceTree = "<group>"; };
		2C8589041F929911000DA815 /* FormatLiteral.hpp */ = {isa = PBXFileReference; lastKnownFileType = sourcecode.cpp.h; path = FormatLiteral.hpp; sourceTree = "<group>"; };
		2C8589051F929911000DA815 /* Functor.hpp */ = {isa = PBXFileReference; lastKnownFileType = sourcecode.cpp.h; path = Functor.hpp; sourceTree = "<group>"; };
		2C8589061F929911000DA815 /* Fwd.hpp */ = {isa = PBXFileReference; lastKnownFileType = sourcecode.cpp.h; path = Fwd.hpp; sourceTree = "<group>"; };
		2C8589071F929911000DA815 /* Hash.hpp */ = {isa = PBXFileReference; lastKnownFileType = sourcecode.cpp.h; path = Hash.hpp; sourceTree = "<group>"; };
		2C8589081F929911000DA815 /* Meta.hpp */ = {isa = PBXFileReference; lastKnownFileType = sourcecode.cpp.h; path = Meta.hpp; sourceTree = "<group>"; };
		2C8589091F929911000DA815 /* PlaceHolder.hpp */ = {isa = PBXFileReference; lastKnownFileType = sourcecode.cpp.h; path = PlaceHolder.hpp; sourceTree = "<group>"; };
		2C85890A1F929911000DA815 /* Platform.hpp */ = {isa = PBXFileReference; lastKnownFileType = sourcecode.cpp.h; path = Platform.hpp; sourceTree = "<group>"; };
		2C85890B1F929911000DA815 /* String.hpp */ = {isa = PBXFileReference; lastKnownFileType = sourcecode.cpp.h; path = String.hpp; sourceTree = "<group>"; };
		2C85890C1F929911000DA815 /* StringView.hpp */ = {isa = PBXFileReference; lastKnownFileType = sourcecode.cpp.h; path = StringView.hpp; sourceTree = "<group>"; };
		2C85890D1F929911000DA815 /* Types.hpp */ = {isa = PBXFileReference; lastKnownFileType = sourcecode.cpp.h; path = Types.hpp; sourceTree = "<group>"; };
		2C85890E1F929911000DA815 /* Uncopyable.hpp */ = {isa = PBXFileReference; lastKnownFileType = sourcecode.cpp.h; path = Uncopyable.hpp; sourceTree = "<group>"; };
		2C85890F1F929911000DA815 /* Unicode.hpp */ = {isa = PBXFileReference; lastKnownFileType = sourcecode.cpp.h; path = Unicode.hpp; sourceTree = "<group>"; };
		2C8589101F929911000DA815 /* Utility.hpp */ = {isa = PBXFileReference; lastKnownFileType = sourcecode.cpp.h; path = Utility.hpp; sourceTree = "<group>"; };
		2C8589111F929911000DA815 /* Version.hpp */ = {isa = PBXFileReference; lastKnownFileType = sourcecode.cpp.h; path = Version.hpp; sourceTree = "<group>"; };
		2C8589121F929911000DA815 /* Siv3D.hpp */ = {isa = PBXFileReference; lastKnownFileType = sourcecode.cpp.h; path = Siv3D.hpp; sourceTree = "<group>"; };
		2C8589151F929911000DA815 /* format.h */ = {isa = PBXFileReference; lastKnownFileType = sourcecode.c.h; path = format.h; sourceTree = "<group>"; };
		2C8589161F93DDB4000DA815 /* NamedParameter.hpp */ = {isa = PBXFileReference; lastKnownFileType = sourcecode.cpp.h; path = NamedParameter.hpp; sourceTree = "<group>"; };
		2CA7F73D1CA7F3B100495647 /* libSiv3D.a */ = {isa = PBXFileReference; explicitFileType = archive.ar; includeInIndex = 0; path = libSiv3D.a; sourceTree = BUILT_PRODUCTS_DIR; };
		2CA7F74E1CA7F43D00495647 /* Main.cpp */ = {isa = PBXFileReference; fileEncoding = 4; lastKnownFileType = sourcecode.cpp.cpp; path = Main.cpp; sourceTree = "<group>"; usesTabs = 1; };
		2CC7F9541F34A5840071A239 /* OpenAL.framework */ = {isa = PBXFileReference; lastKnownFileType = wrapper.framework; name = OpenAL.framework; path = System/Library/Frameworks/OpenAL.framework; sourceTree = SDKROOT; };
/* End PBXFileReference section */

/* Begin PBXFrameworksBuildPhase section */
		2C1778AF1CE0D5DB00BB8AD0 /* Frameworks */ = {
			isa = PBXFrameworksBuildPhase;
			buildActionMask = 2147483647;
			files = (
				2CC7F9561F34A6A20071A239 /* OpenAL.framework in Frameworks */,
				2C1778D01CE0D65D00BB8AD0 /* libSiv3D.a in Frameworks */,
			);
			runOnlyForDeploymentPostprocessing = 0;
		};
		2CA7F73A1CA7F3B100495647 /* Frameworks */ = {
			isa = PBXFrameworksBuildPhase;
			buildActionMask = 2147483647;
			files = (
			);
			runOnlyForDeploymentPostprocessing = 0;
		};
/* End PBXFrameworksBuildPhase section */

/* Begin PBXGroup section */
		2C15857F1F21FD87002687D2 /* Frameworks */ = {
			isa = PBXGroup;
			children = (
				2CC7F9541F34A5840071A239 /* OpenAL.framework */,
				2C1585821F21FDBA002687D2 /* langelscript.a */,
				2C1585801F21FD87002687D2 /* libangelscript.a */,
			);
			name = Frameworks;
			sourceTree = "<group>";
		};
		2C8588EF1F929911000DA815 /* src */ = {
			isa = PBXGroup;
			children = (
				2C8588F01F929911000DA815 /* Siv3D */,
				2C8588F91F929911000DA815 /* Siv3DMain_macOS.cpp */,
				2C8588FA1F929911000DA815 /* Siv3DMain_Windows.cpp */,
				2C8588FB1F929911000DA815 /* ThirdParty */,
			);
			path = src;
			sourceTree = "<group>";
		};
		2C8588F01F929911000DA815 /* Siv3D */ = {
			isa = PBXGroup;
			children = (
				2C8588F11F929911000DA815 /* Byte */,
				2C8588F31F929911000DA815 /* FormatLiteral */,
				2C8588F51F929911000DA815 /* String */,
				2C8588F71F929911000DA815 /* Unicode */,
			);
			path = Siv3D;
			sourceTree = "<group>";
		};
		2C8588F11F929911000DA815 /* Byte */ = {
			isa = PBXGroup;
			children = (
				2C8588F21F929911000DA815 /* SivByte.cpp */,
			);
			path = Byte;
			sourceTree = "<group>";
		};
		2C8588F31F929911000DA815 /* FormatLiteral */ = {
			isa = PBXGroup;
			children = (
				2C8588F41F929911000DA815 /* SivFormatLiteral.cpp */,
			);
			path = FormatLiteral;
			sourceTree = "<group>";
		};
		2C8588F51F929911000DA815 /* String */ = {
			isa = PBXGroup;
			children = (
				2C8588F61F929911000DA815 /* SivText.cpp */,
			);
			path = String;
			sourceTree = "<group>";
		};
		2C8588F71F929911000DA815 /* Unicode */ = {
			isa = PBXGroup;
			children = (
				2C8588F81F929911000DA815 /* SivUnicode.cpp */,
			);
			path = Unicode;
			sourceTree = "<group>";
		};
		2C8588FB1F929911000DA815 /* ThirdParty */ = {
			isa = PBXGroup;
			children = (
				2C8588FC1F929911000DA815 /* fmt */,
			);
			path = ThirdParty;
			sourceTree = "<group>";
		};
		2C8588FC1F929911000DA815 /* fmt */ = {
			isa = PBXGroup;
			children = (
				2C8588FD1F929911000DA815 /* format.cc */,
			);
			path = fmt;
			sourceTree = "<group>";
		};
		2C8588FE1F929911000DA815 /* include */ = {
			isa = PBXGroup;
			children = (
				2C8588FF1F929911000DA815 /* Siv3D */,
				2C8589121F929911000DA815 /* Siv3D.hpp */,
				2C8589131F929911000DA815 /* ThirdParty */,
			);
			path = include;
			sourceTree = "<group>";
		};
		2C8588FF1F929911000DA815 /* Siv3D */ = {
			isa = PBXGroup;
			children = (
				2C8589161F93DDB4000DA815 /* NamedParameter.hpp */,
				2C8589011F929911000DA815 /* Byte.hpp */,
				2C8589021F929911000DA815 /* ByteArrayView.hpp */,
				2C8589031F929911000DA815 /* Char.hpp */,
				2C8589041F929911000DA815 /* FormatLiteral.hpp */,
				2C8589051F929911000DA815 /* Functor.hpp */,
				2C8589061F929911000DA815 /* Fwd.hpp */,
				2C8589071F929911000DA815 /* Hash.hpp */,
				2C8589081F929911000DA815 /* Meta.hpp */,
				2C8589091F929911000DA815 /* PlaceHolder.hpp */,
				2C85890A1F929911000DA815 /* Platform.hpp */,
				2C85890B1F929911000DA815 /* String.hpp */,
				2C85890C1F929911000DA815 /* StringView.hpp */,
				2C85890D1F929911000DA815 /* Types.hpp */,
				2C85890E1F929911000DA815 /* Uncopyable.hpp */,
				2C85890F1F929911000DA815 /* Unicode.hpp */,
				2C8589101F929911000DA815 /* Utility.hpp */,
				2C8589111F929911000DA815 /* Version.hpp */,
			);
			path = Siv3D;
			sourceTree = "<group>";
		};
		2C8589131F929911000DA815 /* ThirdParty */ = {
			isa = PBXGroup;
			children = (
				2C8589141F929911000DA815 /* fmt */,
			);
			path = ThirdParty;
			sourceTree = "<group>";
		};
		2C8589141F929911000DA815 /* fmt */ = {
			isa = PBXGroup;
			children = (
				2C8589151F929911000DA815 /* format.h */,
			);
			path = fmt;
			sourceTree = "<group>";
		};
		2CA7F7321CA7F34200495647 = {
			isa = PBXGroup;
			children = (
				2C8588EB1F929277000DA815 /* icon.icns */,
				2C1778BF1CE0D5DB00BB8AD0 /* Info.plist */,
				2CA7F7641CA7F44F00495647 /* Siv3D */,
				2CA7F74D1CA7F43D00495647 /* Siv3D-Test */,
				2CA7F73E1CA7F3B100495647 /* Products */,
				2C15857F1F21FD87002687D2 /* Frameworks */,
			);
			sourceTree = "<group>";
		};
		2CA7F73E1CA7F3B100495647 /* Products */ = {
			isa = PBXGroup;
			children = (
				2CA7F73D1CA7F3B100495647 /* libSiv3D.a */,
				2C1778B21CE0D5DB00BB8AD0 /* Siv3D-Test.app */,
			);
			name = Products;
			sourceTree = "<group>";
		};
		2CA7F74D1CA7F43D00495647 /* Siv3D-Test */ = {
			isa = PBXGroup;
			children = (
				2C316E1A1E9B3B260011CAAE /* engine */,
				2CA7F74E1CA7F43D00495647 /* Main.cpp */,
			);
			name = "Siv3D-Test";
			path = "../Siv3D-Test";
			sourceTree = "<group>";
		};
		2CA7F7641CA7F44F00495647 /* Siv3D */ = {
			isa = PBXGroup;
			children = (
				2C8588FE1F929911000DA815 /* include */,
				2C8588EF1F929911000DA815 /* src */,
			);
			name = Siv3D;
			path = ../Siv3D;
			sourceTree = "<group>";
		};
/* End PBXGroup section */

/* Begin PBXHeadersBuildPhase section */
		2CA7F73B1CA7F3B100495647 /* Headers */ = {
			isa = PBXHeadersBuildPhase;
			buildActionMask = 2147483647;
			files = (
				2C85892F1F93DE67000DA815 /* Unicode.hpp in Headers */,
				2C85891F1F93DE60000DA815 /* Siv3D.hpp in Headers */,
				2C8589281F93DE67000DA815 /* Meta.hpp in Headers */,
				2C85892A1F93DE67000DA815 /* Platform.hpp in Headers */,
				2C8589201F93DE67000DA815 /* NamedParameter.hpp in Headers */,
				2C8589301F93DE67000DA815 /* Utility.hpp in Headers */,
				2C85892D1F93DE67000DA815 /* Types.hpp in Headers */,
				2C8589251F93DE67000DA815 /* Functor.hpp in Headers */,
				2C8589291F93DE67000DA815 /* PlaceHolder.hpp in Headers */,
				2C85892C1F93DE67000DA815 /* StringView.hpp in Headers */,
				2C8589261F93DE67000DA815 /* Fwd.hpp in Headers */,
				2C8589311F93DE67000DA815 /* Version.hpp in Headers */,
				2C8589271F93DE67000DA815 /* Hash.hpp in Headers */,
				2C8589211F93DE67000DA815 /* Byte.hpp in Headers */,
				2C8589221F93DE67000DA815 /* ByteArrayView.hpp in Headers */,
				2C8589241F93DE67000DA815 /* FormatLiteral.hpp in Headers */,
				2C85892E1F93DE67000DA815 /* Uncopyable.hpp in Headers */,
				2C8589231F93DE67000DA815 /* Char.hpp in Headers */,
				2C85891E1F93DE5C000DA815 /* format.h in Headers */,
				2C85892B1F93DE67000DA815 /* String.hpp in Headers */,
			);
			runOnlyForDeploymentPostprocessing = 0;
		};
/* End PBXHeadersBuildPhase section */

/* Begin PBXNativeTarget section */
		2C1778B11CE0D5DB00BB8AD0 /* Siv3D-Test */ = {
			isa = PBXNativeTarget;
			buildConfigurationList = 2C1778C01CE0D5DB00BB8AD0 /* Build configuration list for PBXNativeTarget "Siv3D-Test" */;
			buildPhases = (
				2C1778AE1CE0D5DB00BB8AD0 /* Sources */,
				2C1778AF1CE0D5DB00BB8AD0 /* Frameworks */,
				2C1778B01CE0D5DB00BB8AD0 /* Resources */,
			);
			buildRules = (
			);
			dependencies = (
			);
			name = "Siv3D-Test";
			productName = "Siv3D-Test";
			productReference = 2C1778B21CE0D5DB00BB8AD0 /* Siv3D-Test.app */;
			productType = "com.apple.product-type.application";
		};
		2CA7F73C1CA7F3B100495647 /* Siv3D */ = {
			isa = PBXNativeTarget;
			buildConfigurationList = 2CA7F7411CA7F3B100495647 /* Build configuration list for PBXNativeTarget "Siv3D" */;
			buildPhases = (
				2CA7F7391CA7F3B100495647 /* Sources */,
				2CA7F73A1CA7F3B100495647 /* Frameworks */,
				2CA7F73B1CA7F3B100495647 /* Headers */,
			);
			buildRules = (
			);
			dependencies = (
			);
			name = Siv3D;
			productName = Siv3D;
			productReference = 2CA7F73D1CA7F3B100495647 /* libSiv3D.a */;
			productType = "com.apple.product-type.library.static";
		};
/* End PBXNativeTarget section */

/* Begin PBXProject section */
		2CA7F7331CA7F34200495647 /* Project object */ = {
			isa = PBXProject;
			attributes = {
				LastUpgradeCheck = 0900;
				TargetAttributes = {
					2C1778B11CE0D5DB00BB8AD0 = {
						CreatedOnToolsVersion = 7.3.1;
					};
					2CA7F73C1CA7F3B100495647 = {
						CreatedOnToolsVersion = 7.2.1;
					};
				};
			};
			buildConfigurationList = 2CA7F7361CA7F34200495647 /* Build configuration list for PBXProject "OpenSiv3D" */;
			compatibilityVersion = "Xcode 3.2";
			developmentRegion = English;
			hasScannedForEncodings = 0;
			knownRegions = (
				en,
				Base,
			);
			mainGroup = 2CA7F7321CA7F34200495647;
			productRefGroup = 2CA7F73E1CA7F3B100495647 /* Products */;
			projectDirPath = "";
			projectRoot = "";
			targets = (
				2CA7F73C1CA7F3B100495647 /* Siv3D */,
				2C1778B11CE0D5DB00BB8AD0 /* Siv3D-Test */,
			);
		};
/* End PBXProject section */

/* Begin PBXResourcesBuildPhase section */
		2C1778B01CE0D5DB00BB8AD0 /* Resources */ = {
			isa = PBXResourcesBuildPhase;
			buildActionMask = 2147483647;
			files = (
				2C316E1B1E9B3B260011CAAE /* engine in Resources */,
				2C8588EC1F929277000DA815 /* icon.icns in Resources */,
			);
			runOnlyForDeploymentPostprocessing = 0;
		};
/* End PBXResourcesBuildPhase section */

/* Begin PBXSourcesBuildPhase section */
		2C1778AE1CE0D5DB00BB8AD0 /* Sources */ = {
			isa = PBXSourcesBuildPhase;
			buildActionMask = 2147483647;
			files = (
				2C1778C31CE0D62A00BB8AD0 /* Main.cpp in Sources */,
			);
			runOnlyForDeploymentPostprocessing = 0;
		};
		2CA7F7391CA7F3B100495647 /* Sources */ = {
			isa = PBXSourcesBuildPhase;
			buildActionMask = 2147483647;
			files = (
				2C85891D1F93DE54000DA815 /* SivByte.cpp in Sources */,
				2C85891A1F93DE47000DA815 /* SivUnicode.cpp in Sources */,
				2C8589191F93DE3F000DA815 /* format.cc in Sources */,
				2C8589181F93DE36000DA815 /* Siv3DMain_Windows.cpp in Sources */,
				2C85891C1F93DE50000DA815 /* SivFormatLiteral.cpp in Sources */,
				2C85891B1F93DE4B000DA815 /* SivText.cpp in Sources */,
				2C8589171F93DE31000DA815 /* Siv3DMain_macOS.cpp in Sources */,
			);
			runOnlyForDeploymentPostprocessing = 0;
		};
/* End PBXSourcesBuildPhase section */

/* Begin XCBuildConfiguration section */
		2C1778C11CE0D5DB00BB8AD0 /* Debug */ = {
			isa = XCBuildConfiguration;
			buildSettings = {
				ALWAYS_SEARCH_USER_PATHS = NO;
				ASSETCATALOG_COMPILER_APPICON_NAME = AppIcon;
				CLANG_ANALYZER_NONNULL = YES;
				CLANG_CXX_LANGUAGE_STANDARD = "c++17";
				CLANG_CXX_LIBRARY = "libc++";
				CLANG_ENABLE_MODULES = YES;
				CLANG_ENABLE_OBJC_ARC = YES;
				CLANG_WARN_BOOL_CONVERSION = YES;
				CLANG_WARN_CONSTANT_CONVERSION = YES;
				CLANG_WARN_DIRECT_OBJC_ISA_USAGE = YES_ERROR;
				CLANG_WARN_EMPTY_BODY = YES;
				CLANG_WARN_ENUM_CONVERSION = YES;
				CLANG_WARN_INT_CONVERSION = YES;
				CLANG_WARN_OBJC_ROOT_CLASS = YES_ERROR;
				CLANG_WARN_UNREACHABLE_CODE = YES;
				CLANG_WARN__DUPLICATE_METHOD_MATCH = YES;
				CODE_SIGN_IDENTITY = "-";
				COMBINE_HIDPI_IMAGES = YES;
				CONFIGURATION_BUILD_DIR = "$(SRCROOT)/bin/";
				COPY_PHASE_STRIP = NO;
				DEBUG_INFORMATION_FORMAT = dwarf;
				ENABLE_STRICT_OBJC_MSGSEND = YES;
				ENABLE_TESTABILITY = YES;
				GCC_C_LANGUAGE_STANDARD = gnu99;
				GCC_DYNAMIC_NO_PIC = NO;
				GCC_NO_COMMON_BLOCKS = YES;
				GCC_OPTIMIZATION_LEVEL = 0;
				GCC_PREPROCESSOR_DEFINITIONS = (
					"DEBUG=1",
					"$(inherited)",
				);
				GCC_WARN_64_TO_32_BIT_CONVERSION = YES;
				GCC_WARN_ABOUT_RETURN_TYPE = YES_ERROR;
				GCC_WARN_UNDECLARED_SELECTOR = YES;
				GCC_WARN_UNINITIALIZED_AUTOS = YES_AGGRESSIVE;
				GCC_WARN_UNUSED_FUNCTION = YES;
				GCC_WARN_UNUSED_VARIABLE = YES;
				HEADER_SEARCH_PATHS = ../Siv3D/include;
				INFOPLIST_FILE = Info.plist;
				LD_RUNPATH_SEARCH_PATHS = "$(inherited) @executable_path/../Frameworks";
				LIBRARY_SEARCH_PATHS = (
					../Siv3D/lib/macOS,
					"$(PROJECT_DIR)/bin",
				);
				MACOSX_DEPLOYMENT_TARGET = 10.12;
				MTL_ENABLE_DEBUG_INFO = YES;
				ONLY_ACTIVE_ARCH = YES;
				OTHER_CPLUSPLUSFLAGS = "$(OTHER_CFLAGS)";
				PRODUCT_BUNDLE_IDENTIFIER = "siv3d.Siv3D-Test";
				PRODUCT_NAME = "$(TARGET_NAME)";
				SDKROOT = macosx;
				WARNING_CFLAGS = (
					"-Wall",
					"-Wextra",
				);
			};
			name = Debug;
		};
		2C1778C21CE0D5DB00BB8AD0 /* Release */ = {
			isa = XCBuildConfiguration;
			buildSettings = {
				ALWAYS_SEARCH_USER_PATHS = NO;
				ASSETCATALOG_COMPILER_APPICON_NAME = AppIcon;
				CLANG_ANALYZER_NONNULL = YES;
				CLANG_CXX_LANGUAGE_STANDARD = "c++17";
				CLANG_CXX_LIBRARY = "libc++";
				CLANG_ENABLE_MODULES = YES;
				CLANG_ENABLE_OBJC_ARC = YES;
				CLANG_WARN_BOOL_CONVERSION = YES;
				CLANG_WARN_CONSTANT_CONVERSION = YES;
				CLANG_WARN_DIRECT_OBJC_ISA_USAGE = YES_ERROR;
				CLANG_WARN_EMPTY_BODY = YES;
				CLANG_WARN_ENUM_CONVERSION = YES;
				CLANG_WARN_INT_CONVERSION = YES;
				CLANG_WARN_OBJC_ROOT_CLASS = YES_ERROR;
				CLANG_WARN_UNREACHABLE_CODE = YES;
				CLANG_WARN__DUPLICATE_METHOD_MATCH = YES;
				CODE_SIGN_IDENTITY = "-";
				COMBINE_HIDPI_IMAGES = YES;
				CONFIGURATION_BUILD_DIR = "$(SRCROOT)/bin/";
				COPY_PHASE_STRIP = NO;
				DEBUG_INFORMATION_FORMAT = "dwarf-with-dsym";
				ENABLE_NS_ASSERTIONS = NO;
				ENABLE_STRICT_OBJC_MSGSEND = YES;
				GCC_C_LANGUAGE_STANDARD = gnu99;
				GCC_NO_COMMON_BLOCKS = YES;
				GCC_WARN_64_TO_32_BIT_CONVERSION = YES;
				GCC_WARN_ABOUT_RETURN_TYPE = YES_ERROR;
				GCC_WARN_UNDECLARED_SELECTOR = YES;
				GCC_WARN_UNINITIALIZED_AUTOS = YES_AGGRESSIVE;
				GCC_WARN_UNUSED_FUNCTION = YES;
				GCC_WARN_UNUSED_VARIABLE = YES;
				HEADER_SEARCH_PATHS = ../Siv3D/include;
				INFOPLIST_FILE = Info.plist;
				LD_RUNPATH_SEARCH_PATHS = "$(inherited) @executable_path/../Frameworks";
				LIBRARY_SEARCH_PATHS = (
					../Siv3D/lib/macOS,
					"$(PROJECT_DIR)/bin",
				);
				MACOSX_DEPLOYMENT_TARGET = 10.12;
				MTL_ENABLE_DEBUG_INFO = NO;
				OTHER_CPLUSPLUSFLAGS = "$(OTHER_CFLAGS)";
				PRODUCT_BUNDLE_IDENTIFIER = "siv3d.Siv3D-Test";
				PRODUCT_NAME = "$(TARGET_NAME)";
				SDKROOT = macosx;
				WARNING_CFLAGS = (
					"-Wall",
					"-Wextra",
				);
			};
			name = Release;
		};
		2CA7F7371CA7F34200495647 /* Debug */ = {
			isa = XCBuildConfiguration;
			buildSettings = {
				CLANG_WARN_BLOCK_CAPTURE_AUTORELEASING = YES;
				CLANG_WARN_BOOL_CONVERSION = YES;
				CLANG_WARN_COMMA = YES;
				CLANG_WARN_CONSTANT_CONVERSION = YES;
				CLANG_WARN_EMPTY_BODY = YES;
				CLANG_WARN_ENUM_CONVERSION = YES;
				CLANG_WARN_INFINITE_RECURSION = YES;
				CLANG_WARN_INT_CONVERSION = YES;
				CLANG_WARN_NON_LITERAL_NULL_CONVERSION = YES;
				CLANG_WARN_OBJC_LITERAL_CONVERSION = YES;
				CLANG_WARN_RANGE_LOOP_ANALYSIS = YES;
				CLANG_WARN_STRICT_PROTOTYPES = YES;
				CLANG_WARN_SUSPICIOUS_MOVE = YES;
				CLANG_WARN_UNREACHABLE_CODE = YES;
				CLANG_WARN__DUPLICATE_METHOD_MATCH = YES;
				CONFIGURATION_TEMP_DIR = "$(PROJECT_TEMP_DIR)/$(CONFIGURATION)$(EFFECTIVE_PLATFORM_NAME)";
				ENABLE_STRICT_OBJC_MSGSEND = YES;
				ENABLE_TESTABILITY = YES;
				GCC_NO_COMMON_BLOCKS = YES;
				GCC_WARN_64_TO_32_BIT_CONVERSION = YES;
				GCC_WARN_ABOUT_RETURN_TYPE = YES;
				GCC_WARN_UNDECLARED_SELECTOR = YES;
				GCC_WARN_UNINITIALIZED_AUTOS = YES;
				GCC_WARN_UNUSED_FUNCTION = YES;
				GCC_WARN_UNUSED_VARIABLE = YES;
				ONLY_ACTIVE_ARCH = YES;
			};
			name = Debug;
		};
		2CA7F7381CA7F34200495647 /* Release */ = {
			isa = XCBuildConfiguration;
			buildSettings = {
				CLANG_WARN_BLOCK_CAPTURE_AUTORELEASING = YES;
				CLANG_WARN_BOOL_CONVERSION = YES;
				CLANG_WARN_COMMA = YES;
				CLANG_WARN_CONSTANT_CONVERSION = YES;
				CLANG_WARN_EMPTY_BODY = YES;
				CLANG_WARN_ENUM_CONVERSION = YES;
				CLANG_WARN_INFINITE_RECURSION = YES;
				CLANG_WARN_INT_CONVERSION = YES;
				CLANG_WARN_NON_LITERAL_NULL_CONVERSION = YES;
				CLANG_WARN_OBJC_LITERAL_CONVERSION = YES;
				CLANG_WARN_RANGE_LOOP_ANALYSIS = YES;
				CLANG_WARN_STRICT_PROTOTYPES = YES;
				CLANG_WARN_SUSPICIOUS_MOVE = YES;
				CLANG_WARN_UNREACHABLE_CODE = YES;
				CLANG_WARN__DUPLICATE_METHOD_MATCH = YES;
				CONFIGURATION_TEMP_DIR = "$(PROJECT_TEMP_DIR)/$(CONFIGURATION)$(EFFECTIVE_PLATFORM_NAME)";
				ENABLE_STRICT_OBJC_MSGSEND = YES;
				GCC_NO_COMMON_BLOCKS = YES;
				GCC_WARN_64_TO_32_BIT_CONVERSION = YES;
				GCC_WARN_ABOUT_RETURN_TYPE = YES;
				GCC_WARN_UNDECLARED_SELECTOR = YES;
				GCC_WARN_UNINITIALIZED_AUTOS = YES;
				GCC_WARN_UNUSED_FUNCTION = YES;
				GCC_WARN_UNUSED_VARIABLE = YES;
			};
			name = Release;
		};
		2CA7F73F1CA7F3B100495647 /* Debug */ = {
			isa = XCBuildConfiguration;
			buildSettings = {
				ALWAYS_SEARCH_USER_PATHS = NO;
				CLANG_CXX_LANGUAGE_STANDARD = "c++17";
				CLANG_CXX_LIBRARY = "libc++";
				CLANG_ENABLE_MODULES = YES;
				CLANG_ENABLE_OBJC_ARC = NO;
				CLANG_WARN_BOOL_CONVERSION = YES;
				CLANG_WARN_CONSTANT_CONVERSION = YES;
				CLANG_WARN_DIRECT_OBJC_ISA_USAGE = YES_ERROR;
				CLANG_WARN_EMPTY_BODY = YES;
				CLANG_WARN_ENUM_CONVERSION = YES;
				CLANG_WARN_INT_CONVERSION = YES;
				CLANG_WARN_OBJC_ROOT_CLASS = YES_ERROR;
				CLANG_WARN_UNREACHABLE_CODE = YES;
				CLANG_WARN__DUPLICATE_METHOD_MATCH = YES;
				CODE_SIGN_IDENTITY = "-";
				COMBINE_HIDPI_IMAGES = YES;
				CONFIGURATION_BUILD_DIR = "$(SRCROOT)/../Siv3D/lib/macOS/";
				COPY_PHASE_STRIP = NO;
				DEBUG_INFORMATION_FORMAT = dwarf;
				ENABLE_STRICT_OBJC_MSGSEND = YES;
				ENABLE_TESTABILITY = YES;
				EXECUTABLE_PREFIX = lib;
				GCC_C_LANGUAGE_STANDARD = gnu99;
				GCC_DYNAMIC_NO_PIC = NO;
				GCC_NO_COMMON_BLOCKS = YES;
				GCC_OPTIMIZATION_LEVEL = 0;
				GCC_PREPROCESSOR_DEFINITIONS = (
					"DEBUG=1",
					"$(inherited)",
				);
				GCC_WARN_64_TO_32_BIT_CONVERSION = YES;
				GCC_WARN_ABOUT_RETURN_TYPE = YES_ERROR;
				GCC_WARN_UNDECLARED_SELECTOR = YES;
				GCC_WARN_UNINITIALIZED_AUTOS = YES_AGGRESSIVE;
				GCC_WARN_UNUSED_FUNCTION = YES;
				GCC_WARN_UNUSED_VARIABLE = YES;
				HEADER_SEARCH_PATHS = (
					../dependencies/boost_1_65_1,
					../Siv3D/include,
					../Siv3D/src/ThirdParty,
					../Siv3D/src/ThirdParty/freetype,
				);
				MACOSX_DEPLOYMENT_TARGET = 10.12;
				MTL_ENABLE_DEBUG_INFO = YES;
				ONLY_ACTIVE_ARCH = YES;
				OTHER_CPLUSPLUSFLAGS = "$(OTHER_CFLAGS)";
				PRODUCT_NAME = "$(TARGET_NAME)";
				SDKROOT = macosx;
				WARNING_CFLAGS = (
					"-Wall",
					"-Wextra",
				);
			};
			name = Debug;
		};
		2CA7F7401CA7F3B100495647 /* Release */ = {
			isa = XCBuildConfiguration;
			buildSettings = {
				ALWAYS_SEARCH_USER_PATHS = NO;
				CLANG_CXX_LANGUAGE_STANDARD = "c++17";
				CLANG_CXX_LIBRARY = "libc++";
				CLANG_ENABLE_MODULES = YES;
				CLANG_ENABLE_OBJC_ARC = NO;
				CLANG_WARN_BOOL_CONVERSION = YES;
				CLANG_WARN_CONSTANT_CONVERSION = YES;
				CLANG_WARN_DIRECT_OBJC_ISA_USAGE = YES_ERROR;
				CLANG_WARN_EMPTY_BODY = YES;
				CLANG_WARN_ENUM_CONVERSION = YES;
				CLANG_WARN_INT_CONVERSION = YES;
				CLANG_WARN_OBJC_ROOT_CLASS = YES_ERROR;
				CLANG_WARN_UNREACHABLE_CODE = YES;
				CLANG_WARN__DUPLICATE_METHOD_MATCH = YES;
				CODE_SIGN_IDENTITY = "-";
				COMBINE_HIDPI_IMAGES = YES;
				CONFIGURATION_BUILD_DIR = "$(SRCROOT)/../Siv3D/lib/macOS/";
				COPY_PHASE_STRIP = NO;
				DEBUG_INFORMATION_FORMAT = "dwarf-with-dsym";
				ENABLE_NS_ASSERTIONS = NO;
				ENABLE_STRICT_OBJC_MSGSEND = YES;
				EXECUTABLE_PREFIX = lib;
				GCC_C_LANGUAGE_STANDARD = gnu99;
				GCC_NO_COMMON_BLOCKS = YES;
				GCC_WARN_64_TO_32_BIT_CONVERSION = YES;
				GCC_WARN_ABOUT_RETURN_TYPE = YES_ERROR;
				GCC_WARN_UNDECLARED_SELECTOR = YES;
				GCC_WARN_UNINITIALIZED_AUTOS = YES_AGGRESSIVE;
				GCC_WARN_UNUSED_FUNCTION = YES;
				GCC_WARN_UNUSED_VARIABLE = YES;
				HEADER_SEARCH_PATHS = (
					../dependencies/boost_1_65_1,
					../Siv3D/include,
					../Siv3D/src/ThirdParty,
					../Siv3D/src/ThirdParty/freetype,
				);
				MACOSX_DEPLOYMENT_TARGET = 10.12;
				MTL_ENABLE_DEBUG_INFO = NO;
				OTHER_CPLUSPLUSFLAGS = "$(OTHER_CFLAGS)";
				PRODUCT_NAME = "$(TARGET_NAME)";
				SDKROOT = macosx;
				WARNING_CFLAGS = (
					"-Wall",
					"-Wextra",
				);
			};
			name = Release;
		};
/* End XCBuildConfiguration section */

/* Begin XCConfigurationList section */
		2C1778C01CE0D5DB00BB8AD0 /* Build configuration list for PBXNativeTarget "Siv3D-Test" */ = {
			isa = XCConfigurationList;
			buildConfigurations = (
				2C1778C11CE0D5DB00BB8AD0 /* Debug */,
				2C1778C21CE0D5DB00BB8AD0 /* Release */,
			);
			defaultConfigurationIsVisible = 0;
			defaultConfigurationName = Release;
		};
		2CA7F7361CA7F34200495647 /* Build configuration list for PBXProject "OpenSiv3D" */ = {
			isa = XCConfigurationList;
			buildConfigurations = (
				2CA7F7371CA7F34200495647 /* Debug */,
				2CA7F7381CA7F34200495647 /* Release */,
			);
			defaultConfigurationIsVisible = 0;
			defaultConfigurationName = Release;
		};
		2CA7F7411CA7F3B100495647 /* Build configuration list for PBXNativeTarget "Siv3D" */ = {
			isa = XCConfigurationList;
			buildConfigurations = (
				2CA7F73F1CA7F3B100495647 /* Debug */,
				2CA7F7401CA7F3B100495647 /* Release */,
			);
			defaultConfigurationIsVisible = 0;
			defaultConfigurationName = Release;
		};
/* End XCConfigurationList section */
	};
	rootObject = 2CA7F7331CA7F34200495647 /* Project object */;
}
