<?xml version="1.0" encoding="utf-8"?>
<Project ToolsVersion="4.0" xmlns="http://schemas.microsoft.com/developer/msbuild/2003">
  <ItemGroup>
    <Filter Include="リソース ファイル">
      <UniqueIdentifier>{67DA6AB6-F800-4c08-8B7A-83BB121AAD01}</UniqueIdentifier>
      <Extensions>rc;ico;cur;bmp;dlg;rc2;rct;bin;rgs;gif;jpg;jpeg;jpe;resx;tiff;tif;png;wav;mfcribbon-ms</Extensions>
    </Filter>
    <Filter Include="Include">
      <UniqueIdentifier>{433d1e95-8ecc-4194-9dd1-f010588c6d10}</UniqueIdentifier>
    </Filter>
    <Filter Include="Source">
      <UniqueIdentifier>{0d013b61-7bf2-402c-8c39-075c19b6d4e5}</UniqueIdentifier>
    </Filter>
    <Filter Include="Source\Siv3D">
      <UniqueIdentifier>{94ac9d68-7185-46c0-9118-9ce2f1b058c0}</UniqueIdentifier>
    </Filter>
    <Filter Include="Include\Siv3D">
      <UniqueIdentifier>{0eacb51c-6b79-4b38-913d-08e8c0eb5409}</UniqueIdentifier>
    </Filter>
    <Filter Include="Source\ThirdParty">
      <UniqueIdentifier>{4280aafe-62a6-4cfa-8384-fa94757be709}</UniqueIdentifier>
    </Filter>
    <Filter Include="Source\ThirdParty\double-conversion">
      <UniqueIdentifier>{e93bb45d-27a6-45f3-a432-93708ee8cdd2}</UniqueIdentifier>
    </Filter>
    <Filter Include="Source\Siv3D\FormatFloat">
      <UniqueIdentifier>{b28052d3-ec67-462d-85c6-a49e0da7faeb}</UniqueIdentifier>
    </Filter>
    <Filter Include="Source\Siv3D\FormatInt">
      <UniqueIdentifier>{bb7966c0-8acf-4af4-8e8d-3f83b8651adc}</UniqueIdentifier>
    </Filter>
    <Filter Include="Source\Siv3D\Time">
      <UniqueIdentifier>{ba8c7271-d9a1-41d8-81ab-71395daf4df9}</UniqueIdentifier>
    </Filter>
    <Filter Include="Source\Siv3D\BigInt">
      <UniqueIdentifier>{bcd979d0-545d-449f-88a4-5cbea9ae9e4f}</UniqueIdentifier>
    </Filter>
    <Filter Include="Source\ThirdParty\cppformat">
      <UniqueIdentifier>{e8da486a-0218-4be3-b40c-bfb654d1bb0d}</UniqueIdentifier>
    </Filter>
    <Filter Include="Include\cppformat">
      <UniqueIdentifier>{b5ca706f-04e8-44a1-a8da-0ef12bb96279}</UniqueIdentifier>
    </Filter>
    <Filter Include="Source\Siv3D\Logger">
      <UniqueIdentifier>{810a7cd0-c98a-4b1b-a723-da7463e7a8cd}</UniqueIdentifier>
    </Filter>
    <Filter Include="Source\Siv3D\CharacterSet">
      <UniqueIdentifier>{1cbefa13-9ce3-4cb5-8f8f-614e8ba7ff77}</UniqueIdentifier>
    </Filter>
    <Filter Include="Source\Siv3D\String">
      <UniqueIdentifier>{5a2dcd92-1e34-4ecf-851e-7c730e1120ab}</UniqueIdentifier>
    </Filter>
    <Filter Include="Source\Siv3D\ParseFloat">
      <UniqueIdentifier>{c82b2a90-bae3-4a65-a5cf-020a4ad81b4a}</UniqueIdentifier>
    </Filter>
    <Filter Include="Source\Siv3D\Stopwatch">
      <UniqueIdentifier>{51936532-1ea2-4fc1-a526-4d4c8d715814}</UniqueIdentifier>
    </Filter>
    <Filter Include="Source\Siv3D\TimeProfiler">
      <UniqueIdentifier>{9bbdb8c6-ed66-4302-a8a4-7dd1b344bb6f}</UniqueIdentifier>
    </Filter>
    <Filter Include="Source\Siv3D\System">
      <UniqueIdentifier>{a9ebc579-c489-4d52-9bef-c3cb07ca3550}</UniqueIdentifier>
    </Filter>
    <Filter Include="Source\Siv3D\Date">
      <UniqueIdentifier>{9f6c94c7-0755-4887-9de5-2d9af4c86000}</UniqueIdentifier>
    </Filter>
    <Filter Include="Source\Siv3D\DateTime">
      <UniqueIdentifier>{ebfdacb5-f66c-4649-b646-9e2c5fabe2d1}</UniqueIdentifier>
    </Filter>
    <Filter Include="Source\Siv3D\FileSystem">
      <UniqueIdentifier>{d6eec534-5688-4f7c-9d6a-5aad45ed5dcf}</UniqueIdentifier>
    </Filter>
    <Filter Include="Source\Siv3D\BigFloat">
      <UniqueIdentifier>{5ae29ec2-23cd-4d25-afac-e21263b84199}</UniqueIdentifier>
    </Filter>
    <Filter Include="Source\Siv3D\BinaryReader">
      <UniqueIdentifier>{32799cc0-11b6-4459-8be8-26a92fc11b34}</UniqueIdentifier>
    </Filter>
    <Filter Include="Source\Siv3D\BinaryWriter">
      <UniqueIdentifier>{2908b15e-5406-471e-8579-1f9b4a55b508}</UniqueIdentifier>
    </Filter>
  </ItemGroup>
  <ItemGroup>
    <ClInclude Include="..\Siv3D\Include\Siv3D.hpp">
      <Filter>Include</Filter>
    </ClInclude>
    <ClInclude Include="..\Siv3D\Include\Siv3D\Allocator.hpp">
      <Filter>Include\Siv3D</Filter>
    </ClInclude>
    <ClInclude Include="..\Siv3D\Include\Siv3D\Array.hpp">
      <Filter>Include\Siv3D</Filter>
    </ClInclude>
    <ClInclude Include="..\Siv3D\Include\Siv3D\Format.hpp">
      <Filter>Include\Siv3D</Filter>
    </ClInclude>
    <ClInclude Include="..\Siv3D\Include\Siv3D\FormatBool.hpp">
      <Filter>Include\Siv3D</Filter>
    </ClInclude>
    <ClInclude Include="..\Siv3D\Include\Siv3D\FormatFloat.hpp">
      <Filter>Include\Siv3D</Filter>
    </ClInclude>
    <ClInclude Include="..\Siv3D\Include\Siv3D\FormatInt.hpp">
      <Filter>Include\Siv3D</Filter>
    </ClInclude>
    <ClInclude Include="..\Siv3D\Include\Siv3D\Fwd.hpp">
      <Filter>Include\Siv3D</Filter>
    </ClInclude>
    <ClInclude Include="..\Siv3D\Include\Siv3D\Grid.hpp">
      <Filter>Include\Siv3D</Filter>
    </ClInclude>
    <ClInclude Include="..\Siv3D\Include\Siv3D\LetterCase.hpp">
      <Filter>Include\Siv3D</Filter>
    </ClInclude>
    <ClInclude Include="..\Siv3D\Include\Siv3D\Optional.hpp">
      <Filter>Include\Siv3D</Filter>
    </ClInclude>
    <ClInclude Include="..\Siv3D\Include\Siv3D\Platform.hpp">
      <Filter>Include\Siv3D</Filter>
    </ClInclude>
    <ClInclude Include="..\Siv3D\Include\Siv3D\PlatformWindows.hpp">
      <Filter>Include\Siv3D</Filter>
    </ClInclude>
    <ClInclude Include="..\Siv3D\Include\Siv3D\Radix.hpp">
      <Filter>Include\Siv3D</Filter>
    </ClInclude>
    <ClInclude Include="..\Siv3D\Include\Siv3D\String.hpp">
      <Filter>Include\Siv3D</Filter>
    </ClInclude>
    <ClInclude Include="..\Siv3D\Include\Siv3D\Types.hpp">
      <Filter>Include\Siv3D</Filter>
    </ClInclude>
    <ClInclude Include="..\Siv3D\Include\Siv3D\Uncopyable.hpp">
      <Filter>Include\Siv3D</Filter>
    </ClInclude>
    <ClInclude Include="..\Siv3D\Include\Siv3D\Unspecified.hpp">
      <Filter>Include\Siv3D</Filter>
    </ClInclude>
    <ClInclude Include="..\Siv3D\Include\Siv3D\Utility.hpp">
      <Filter>Include\Siv3D</Filter>
    </ClInclude>
    <ClInclude Include="..\Siv3D\Source\ThirdParty\double-conversion\cached-powers.h">
      <Filter>Source\ThirdParty\double-conversion</Filter>
    </ClInclude>
    <ClInclude Include="..\Siv3D\Source\ThirdParty\double-conversion\diy-fp.h">
      <Filter>Source\ThirdParty\double-conversion</Filter>
    </ClInclude>
    <ClInclude Include="..\Siv3D\Source\ThirdParty\double-conversion\double-conversion.h">
      <Filter>Source\ThirdParty\double-conversion</Filter>
    </ClInclude>
    <ClInclude Include="..\Siv3D\Source\ThirdParty\double-conversion\fast-dtoa.h">
      <Filter>Source\ThirdParty\double-conversion</Filter>
    </ClInclude>
    <ClInclude Include="..\Siv3D\Source\ThirdParty\double-conversion\fixed-dtoa.h">
      <Filter>Source\ThirdParty\double-conversion</Filter>
    </ClInclude>
    <ClInclude Include="..\Siv3D\Source\ThirdParty\double-conversion\ieee.h">
      <Filter>Source\ThirdParty\double-conversion</Filter>
    </ClInclude>
    <ClInclude Include="..\Siv3D\Source\ThirdParty\double-conversion\strtod.h">
      <Filter>Source\ThirdParty\double-conversion</Filter>
    </ClInclude>
    <ClInclude Include="..\Siv3D\Source\ThirdParty\double-conversion\utils.h">
      <Filter>Source\ThirdParty\double-conversion</Filter>
    </ClInclude>
    <ClInclude Include="..\Siv3D\Source\ThirdParty\double-conversion\bignum.h">
      <Filter>Source\ThirdParty\double-conversion</Filter>
    </ClInclude>
    <ClInclude Include="..\Siv3D\Source\ThirdParty\double-conversion\bignum-dtoa.h">
      <Filter>Source\ThirdParty\double-conversion</Filter>
    </ClInclude>
    <ClInclude Include="..\Siv3D\Include\Siv3D\Time.hpp">
      <Filter>Include\Siv3D</Filter>
    </ClInclude>
    <ClInclude Include="..\Siv3D\Include\Siv3D\Number.hpp">
      <Filter>Include\Siv3D</Filter>
    </ClInclude>
    <ClInclude Include="..\Siv3D\Include\Siv3D\BigInt.hpp">
      <Filter>Include\Siv3D</Filter>
    </ClInclude>
    <ClInclude Include="..\Siv3D\Include\Siv3D\Version.hpp">
      <Filter>Include\Siv3D</Filter>
    </ClInclude>
    <ClInclude Include="..\Siv3D\Include\Siv3D\FormatLiteral.hpp">
      <Filter>Include\Siv3D</Filter>
    </ClInclude>
    <ClInclude Include="..\Siv3D\Include\cppformat\format.h">
      <Filter>Include\cppformat</Filter>
    </ClInclude>
    <ClInclude Include="..\Siv3D\Include\Siv3D\Step.hpp">
      <Filter>Include\Siv3D</Filter>
    </ClInclude>
    <ClInclude Include="..\Siv3D\Include\Siv3D\Step_MSVC.hpp">
      <Filter>Include\Siv3D</Filter>
    </ClInclude>
    <ClInclude Include="..\Siv3D\Include\Siv3D\Functor.hpp">
      <Filter>Include\Siv3D</Filter>
    </ClInclude>
    <ClInclude Include="..\Siv3D\Include\Siv3D\Logger.hpp">
      <Filter>Include\Siv3D</Filter>
    </ClInclude>
    <ClInclude Include="..\Siv3D\Include\Siv3D\Char.hpp">
      <Filter>Include\Siv3D</Filter>
    </ClInclude>
    <ClInclude Include="..\Siv3D\Include\Siv3D\StringView.hpp">
      <Filter>Include\Siv3D</Filter>
    </ClInclude>
    <ClInclude Include="..\Siv3D\Include\Siv3D\CharacterSet.hpp">
      <Filter>Include\Siv3D</Filter>
    </ClInclude>
    <ClInclude Include="..\Siv3D\Include\Siv3D\Parse.hpp">
      <Filter>Include\Siv3D</Filter>
    </ClInclude>
    <ClInclude Include="..\Siv3D\Include\Siv3D\ParseInt.hpp">
      <Filter>Include\Siv3D</Filter>
    </ClInclude>
    <ClInclude Include="..\Siv3D\Include\Siv3D\ParseFloat.hpp">
      <Filter>Include\Siv3D</Filter>
    </ClInclude>
    <ClInclude Include="..\Siv3D\Include\Siv3D\ParseBool.hpp">
      <Filter>Include\Siv3D</Filter>
    </ClInclude>
    <ClInclude Include="..\Siv3D\Include\Siv3D\Point.hpp">
      <Filter>Include\Siv3D</Filter>
    </ClInclude>
    <ClInclude Include="..\Siv3D\Include\Siv3D\Duration.hpp">
      <Filter>Include\Siv3D</Filter>
    </ClInclude>
    <ClInclude Include="..\Siv3D\Include\Siv3D\Date.hpp">
      <Filter>Include\Siv3D</Filter>
    </ClInclude>
    <ClInclude Include="..\Siv3D\Include\Siv3D\Stopwatch.hpp">
      <Filter>Include\Siv3D</Filter>
    </ClInclude>
    <ClInclude Include="..\Siv3D\Include\Siv3D\Timer.hpp">
      <Filter>Include\Siv3D</Filter>
    </ClInclude>
    <ClInclude Include="..\Siv3D\Include\Siv3D\SpeedStopwatch.hpp">
      <Filter>Include\Siv3D</Filter>
    </ClInclude>
    <ClInclude Include="..\Siv3D\Include\Siv3D\Random.hpp">
      <Filter>Include\Siv3D</Filter>
    </ClInclude>
    <ClInclude Include="..\Siv3D\Include\Siv3D\MathConstants.hpp">
      <Filter>Include\Siv3D</Filter>
    </ClInclude>
    <ClInclude Include="..\Siv3D\Include\Siv3D\RDTSCProfiler.hpp">
      <Filter>Include\Siv3D</Filter>
    </ClInclude>
    <ClInclude Include="..\Siv3D\Include\Siv3D\TimeProfiler.hpp">
      <Filter>Include\Siv3D</Filter>
    </ClInclude>
    <ClInclude Include="..\Siv3D\Include\Siv3D\System.hpp">
      <Filter>Include\Siv3D</Filter>
    </ClInclude>
    <ClInclude Include="..\Siv3D\Include\Siv3D\DateTime.hpp">
      <Filter>Include\Siv3D</Filter>
    </ClInclude>
    <ClInclude Include="..\Siv3D\Include\Siv3D\FileSystem.hpp">
      <Filter>Include\Siv3D</Filter>
    </ClInclude>
    <ClInclude Include="..\Siv3D\Include\Siv3D\TextEncoding.hpp">
      <Filter>Include\Siv3D</Filter>
    </ClInclude>
    <ClInclude Include="..\Siv3D\Include\Siv3D\InfiniteList.hpp">
      <Filter>Include\Siv3D</Filter>
    </ClInclude>
    <ClInclude Include="..\Siv3D\Include\Siv3D\BigFloat.hpp">
      <Filter>Include\Siv3D</Filter>
    </ClInclude>
    <ClInclude Include="..\Siv3D\Include\Siv3D\TypeTraits.hpp">
      <Filter>Include\Siv3D</Filter>
    </ClInclude>
    <ClInclude Include="..\Siv3D\Source\Siv3D\BigFloat\CBigFloat.hpp">
      <Filter>Source\Siv3D\BigFloat</Filter>
    </ClInclude>
    <ClInclude Include="..\Siv3D\Source\Siv3D\BigInt\CBigInt.hpp">
      <Filter>Source\Siv3D\BigInt</Filter>
    </ClInclude>
    <ClInclude Include="..\Siv3D\Include\Siv3D\IReader.hpp">
      <Filter>Include\Siv3D</Filter>
    </ClInclude>
    <ClInclude Include="..\Siv3D\Include\Siv3D\IWriter.hpp">
      <Filter>Include\Siv3D</Filter>
    </ClInclude>
    <ClInclude Include="..\Siv3D\Include\Siv3D\BinaryWriter.hpp">
      <Filter>Include\Siv3D</Filter>
    </ClInclude>
    <ClInclude Include="..\Siv3D\Source\Siv3D\BinaryWriter\CBinaryWriter_windows.hpp">
      <Filter>Source\Siv3D\BinaryWriter</Filter>
    </ClInclude>
    <ClInclude Include="..\Siv3D\Source\Siv3D\BinaryWriter\CBinaryWriter_osx.hpp">
      <Filter>Source\Siv3D\BinaryWriter</Filter>
    </ClInclude>
  </ItemGroup>
  <ItemGroup>
    <ClCompile Include="..\Siv3D\Source\Siv3DMain_OSX.cpp">
      <Filter>Source</Filter>
    </ClCompile>
    <ClCompile Include="..\Siv3D\Source\Siv3DMain_Windows.cpp">
      <Filter>Source</Filter>
    </ClCompile>
    <ClCompile Include="..\Siv3D\Source\ThirdParty\double-conversion\diy-fp.cc">
      <Filter>Source\ThirdParty\double-conversion</Filter>
    </ClCompile>
    <ClCompile Include="..\Siv3D\Source\ThirdParty\double-conversion\double-conversion.cc">
      <Filter>Source\ThirdParty\double-conversion</Filter>
    </ClCompile>
    <ClCompile Include="..\Siv3D\Source\ThirdParty\double-conversion\fast-dtoa.cc">
      <Filter>Source\ThirdParty\double-conversion</Filter>
    </ClCompile>
    <ClCompile Include="..\Siv3D\Source\ThirdParty\double-conversion\fixed-dtoa.cc">
      <Filter>Source\ThirdParty\double-conversion</Filter>
    </ClCompile>
    <ClCompile Include="..\Siv3D\Source\ThirdParty\double-conversion\strtod.cc">
      <Filter>Source\ThirdParty\double-conversion</Filter>
    </ClCompile>
    <ClCompile Include="..\Siv3D\Source\ThirdParty\double-conversion\bignum.cc">
      <Filter>Source\ThirdParty\double-conversion</Filter>
    </ClCompile>
    <ClCompile Include="..\Siv3D\Source\ThirdParty\double-conversion\bignum-dtoa.cc">
      <Filter>Source\ThirdParty\double-conversion</Filter>
    </ClCompile>
    <ClCompile Include="..\Siv3D\Source\ThirdParty\double-conversion\cached-powers.cc">
      <Filter>Source\ThirdParty\double-conversion</Filter>
    </ClCompile>
    <ClCompile Include="..\Siv3D\Source\Siv3D\FormatFloat\SivFormatFloat.cpp">
      <Filter>Source\Siv3D\FormatFloat</Filter>
    </ClCompile>
    <ClCompile Include="..\Siv3D\Source\Siv3D\FormatInt\SivFormatInt.cpp">
      <Filter>Source\Siv3D\FormatInt</Filter>
    </ClCompile>
    <ClCompile Include="..\Siv3D\Source\Siv3D\Time\SivTime.cpp">
      <Filter>Source\Siv3D\Time</Filter>
    </ClCompile>
    <ClCompile Include="..\Siv3D\Source\Siv3D\BigInt\SivBigInt.cpp">
      <Filter>Source\Siv3D\BigInt</Filter>
    </ClCompile>
    <ClCompile Include="..\Siv3D\Source\ThirdParty\cppformat\format.cc">
      <Filter>Source\ThirdParty\cppformat</Filter>
    </ClCompile>
    <ClCompile Include="..\Siv3D\Source\Siv3D\Logger\SivLogger.cpp">
      <Filter>Source\Siv3D\Logger</Filter>
    </ClCompile>
    <ClCompile Include="..\Siv3D\Source\Siv3D\CharacterSet\SivCharacterSet.cpp">
      <Filter>Source\Siv3D\CharacterSet</Filter>
    </ClCompile>
    <ClCompile Include="..\Siv3D\Source\Siv3D\String\SivString.cpp">
      <Filter>Source\Siv3D\String</Filter>
    </ClCompile>
    <ClCompile Include="..\Siv3D\Source\Siv3D\ParseFloat\SivParseFloat.cpp">
      <Filter>Source\Siv3D\ParseFloat</Filter>
    </ClCompile>
    <ClCompile Include="..\Siv3D\Source\Siv3D\Stopwatch\SivStopwatch.cpp">
      <Filter>Source\Siv3D\Stopwatch</Filter>
    </ClCompile>
    <ClCompile Include="..\Siv3D\Source\Siv3D\TimeProfiler\SivTimeProfiler.cpp">
      <Filter>Source\Siv3D\TimeProfiler</Filter>
    </ClCompile>
    <ClCompile Include="..\Siv3D\Source\Siv3D\System\SivSystem.cpp">
      <Filter>Source\Siv3D\System</Filter>
    </ClCompile>
    <ClCompile Include="..\Siv3D\Source\Siv3D\Date\SivDate.cpp">
      <Filter>Source\Siv3D\Date</Filter>
    </ClCompile>
    <ClCompile Include="..\Siv3D\Source\Siv3D\DateTime\SivDateTime.cpp">
      <Filter>Source\Siv3D\DateTime</Filter>
    </ClCompile>
    <ClCompile Include="..\Siv3D\Source\Siv3D\FileSystem\SivFileSystem.cpp">
      <Filter>Source\Siv3D\FileSystem</Filter>
    </ClCompile>
    <ClCompile Include="..\Siv3D\Source\Siv3D\BigFloat\SivBigFloat.cpp">
      <Filter>Source\Siv3D\BigFloat</Filter>
    </ClCompile>
    <ClCompile Include="..\Siv3D\Source\Siv3D\BinaryWriter\SivBinaryWriter.cpp">
      <Filter>Source\Siv3D\BinaryWriter</Filter>
    </ClCompile>
    <ClCompile Include="..\Siv3D\Source\Siv3D\BinaryWriter\CBinaryWriter_windows.cpp">
      <Filter>Source\Siv3D\BinaryWriter</Filter>
    </ClCompile>
    <ClCompile Include="..\Siv3D\Source\Siv3D\BinaryWriter\CBinaryWriter_osx.cpp">
      <Filter>Source\Siv3D\BinaryWriter</Filter>
    </ClCompile>
  </ItemGroup>
</Project>