<?xml version="1.0" encoding="utf-8"?>
<Project ToolsVersion="4.0" xmlns="http://schemas.microsoft.com/developer/msbuild/2003">
  <ItemGroup>
    <Filter Include="Resource Files">
      <UniqueIdentifier>{5061b12f-cfdf-4e06-8ee1-f92f84b00605}</UniqueIdentifier>
    </Filter>
    <Filter Include="Resource Files\example">
      <UniqueIdentifier>{c2c79fe1-07b3-4a17-9e10-82538a4966e8}</UniqueIdentifier>
    </Filter>
    <Filter Include="Resource Files\example\csv">
      <UniqueIdentifier>{f174beb1-1d52-4700-9cd1-c7ae528ec1fe}</UniqueIdentifier>
    </Filter>
    <Filter Include="Resource Files\example\font">
      <UniqueIdentifier>{1de402a8-6971-494b-8480-fc6eaeff70e2}</UniqueIdentifier>
    </Filter>
    <Filter Include="Resource Files\example\font\DotGothic16">
      <UniqueIdentifier>{14abca4b-852a-457e-a9e6-7ee65afa3220}</UniqueIdentifier>
    </Filter>
    <Filter Include="Resource Files\example\font\RocknRoll">
      <UniqueIdentifier>{ac6b96fc-c8ec-42a6-a125-1d9b0b7fde19}</UniqueIdentifier>
    </Filter>
    <Filter Include="Resource Files\example\geojson">
      <UniqueIdentifier>{e1ac2a2e-0562-4d22-ae11-0dfb0bb3d120}</UniqueIdentifier>
    </Filter>
    <Filter Include="Resource Files\example\gif">
      <UniqueIdentifier>{f6e92bc5-70b6-4bfa-95b7-c93f3685bad8}</UniqueIdentifier>
    </Filter>
    <Filter Include="Resource Files\example\ini">
      <UniqueIdentifier>{8f8406c0-b79f-4204-a7de-162648b04c85}</UniqueIdentifier>
    </Filter>
    <Filter Include="Resource Files\example\json">
      <UniqueIdentifier>{1180386b-66a3-4af1-9943-7c0fc30da31e}</UniqueIdentifier>
    </Filter>
    <Filter Include="Resource Files\example\midi">
      <UniqueIdentifier>{50baddb5-5690-4a96-8110-da0a99deffa6}</UniqueIdentifier>
    </Filter>
    <Filter Include="Resource Files\example\obj">
      <UniqueIdentifier>{096a61df-e29c-4193-884a-e508217926d8}</UniqueIdentifier>
    </Filter>
    <Filter Include="Resource Files\example\objdetect">
      <UniqueIdentifier>{6b95c5cd-1eb7-4dd2-bf8b-1257800507f2}</UniqueIdentifier>
    </Filter>
    <Filter Include="Resource Files\example\objdetect\haarcascade">
      <UniqueIdentifier>{717a96ed-0b3c-4656-af33-9157c30d4ebe}</UniqueIdentifier>
    </Filter>
    <Filter Include="Resource Files\example\script">
      <UniqueIdentifier>{79060cea-df59-44e3-86cf-4a8cf97f0621}</UniqueIdentifier>
    </Filter>
    <Filter Include="Resource Files\example\shader">
      <UniqueIdentifier>{50f01f84-2f49-470a-bf29-249e9df20f60}</UniqueIdentifier>
    </Filter>
    <Filter Include="Resource Files\example\shader\essl">
      <UniqueIdentifier>{a9840b26-32d1-43dd-81ba-ed05f1136a4c}</UniqueIdentifier>
    </Filter>
    <Filter Include="Resource Files\example\shader\wgsl">
      <UniqueIdentifier>{6c317085-d71d-425a-b5df-1e85c23032bc}</UniqueIdentifier>
    </Filter>
    <Filter Include="Resource Files\example\spritesheet">
      <UniqueIdentifier>{4ad10b07-52a8-4bcf-b234-a7f4efb136cf}</UniqueIdentifier>
    </Filter>
    <Filter Include="Resource Files\example\svg">
      <UniqueIdentifier>{ea357ea4-d4e0-4e7b-9594-9935d590b18a}</UniqueIdentifier>
    </Filter>
    <Filter Include="Resource Files\example\texture">
      <UniqueIdentifier>{92bb8083-9482-4d4f-b234-c7b96f7f2b47}</UniqueIdentifier>
    </Filter>
    <Filter Include="Resource Files\example\toml">
      <UniqueIdentifier>{bc9d7b7a-86a6-4306-9b7b-137724bd5097}</UniqueIdentifier>
    </Filter>
    <Filter Include="Resource Files\example\txt">
      <UniqueIdentifier>{cf6925e5-3f19-430f-98a4-1eab4ffe5ec4}</UniqueIdentifier>
    </Filter>
    <Filter Include="Resource Files\example\video">
      <UniqueIdentifier>{2b46401b-28b2-48d0-9e3d-84a171be278e}</UniqueIdentifier>
    </Filter>
    <Filter Include="Resource Files\example\xml">
      <UniqueIdentifier>{f911835a-d74b-438d-9e8c-8883878ff6fe}</UniqueIdentifier>
    </Filter>
    <Filter Include="Resource Files\example\zip">
      <UniqueIdentifier>{b2bc1f3f-f281-43df-a211-185612163b21}</UniqueIdentifier>
    </Filter>
    <Filter Include="Source Files">
      <UniqueIdentifier>{ee4564ca-b664-40e3-a63d-d618f03600bd}</UniqueIdentifier>
    </Filter>
    <Filter Include="Header Files">
      <UniqueIdentifier>{af1cfb29-c8af-492c-84fe-b490b7e5a266}</UniqueIdentifier>
    </Filter>
    <Filter Include="Resource Files\resources">
      <UniqueIdentifier>{00208cd6-26e0-4668-a437-2cef0eb5bd00}</UniqueIdentifier>
    </Filter>
    <Filter Include="Resource Files\resources\engine">
      <UniqueIdentifier>{78119647-6ffd-4fed-9b26-954f2edc67d8}</UniqueIdentifier>
    </Filter>
    <Filter Include="Resource Files\resources\engine\font">
      <UniqueIdentifier>{cefaaac3-ad1e-4bd4-9dd8-5c07a83d87ff}</UniqueIdentifier>
    </Filter>
    <Filter Include="Resource Files\resources\engine\font\fontawesome">
      <UniqueIdentifier>{b225c3d5-d944-4aa2-886e-83b0d31b01ee}</UniqueIdentifier>
    </Filter>
    <Filter Include="Resource Files\resources\engine\font\materialdesignicons">
      <UniqueIdentifier>{8a1f1d1a-ce46-467d-abc7-7501efe424ca}</UniqueIdentifier>
    </Filter>
    <Filter Include="Resource Files\resources\engine\font\min">
      <UniqueIdentifier>{9afa93B8-5264-4e11-a2a9-ecec79805d7d}</UniqueIdentifier>
    </Filter>
    <Filter Include="Resource Files\resources\engine\font\mplus">
      <UniqueIdentifier>{241845be-6dc4-4154-8141-a041e611de50}</UniqueIdentifier>
    </Filter>
    <Filter Include="Resource Files\resources\engine\font\noto-cjk">
      <UniqueIdentifier>{8599567d-54b6-4e8e-884c-a3756af759ce}</UniqueIdentifier>
    </Filter>
    <Filter Include="Resource Files\resources\engine\font\noto-emoji">
      <UniqueIdentifier>{ca61c725-93a0-49d4-94b2-52e6aac4ca06}</UniqueIdentifier>
    </Filter>
    <Filter Include="Resource Files\resources\engine\shader">
      <UniqueIdentifier>{55439721-4c35-4f3f-add9-a3f60b0085a9}</UniqueIdentifier>
    </Filter>
    <Filter Include="Resource Files\resources\engine\shader\essl">
      <UniqueIdentifier>{3a730d52-b997-463e-a026-2a59fbebf253}</UniqueIdentifier>
    </Filter>
    <Filter Include="Resource Files\resources\engine\shader\wgsl">
      <UniqueIdentifier>{b6fc9618-dffa-452c-9ce5-a436a93b6bed}</UniqueIdentifier>
    </Filter>
    <Filter Include="Resource Files\resources\engine\soundfont">
      <UniqueIdentifier>{03541687-8e47-416b-a90e-e97ccb289eb5}</UniqueIdentifier>
    </Filter>
    <Filter Include="Resource Files\resources\engine\texture">
      <UniqueIdentifier>{c45638f7-8621-4616-9a57-22f0da783fd1}</UniqueIdentifier>
    </Filter>
    <Filter Include="Resource Files\resources\engine\texture\box-shadow">
      <UniqueIdentifier>{aeb4dbf4-f1ba-402b-9249-c3056a02598d}</UniqueIdentifier>
    </Filter>
    <Filter Include="Template Files">
      <UniqueIdentifier>{3DC55764-A3B8-4D7E-AA91-C3C467637996}</UniqueIdentifier>
    </Filter>
    <Filter Include="Template Files\Embeddable">
      <UniqueIdentifier>{1155355D-3484-407F-BCE3-BC5EB094E4DD}</UniqueIdentifier>
    </Filter>
  </ItemGroup>
  <ItemGroup>
    <None Include="resources\engine\font\fontawesome\LICENSE.txt">
      <Filter>Resource Files\resources\engine\font\fontawesome</Filter>
    </None>
    <None Include="resources\engine\font\fontawesome\fontawesome-brands.otf.zstdcmp">
      <Filter>Resource Files\resources\engine\font\fontawesome</Filter>
    </None>
    <None Include="resources\engine\font\fontawesome\fontawesome-solid.otf.zstdcmp">
      <Filter>Resource Files\resources\engine\font\fontawesome</Filter>
    </None>
    <None Include="resources\engine\font\materialdesignicons\LICENSE">
      <Filter>Resource Files\resources\engine\font\materialdesignicons</Filter>
    </None>
    <None Include="resources\engine\font\materialdesignicons\license.md">
      <Filter>Resource Files\resources\engine\font\materialdesignicons</Filter>
    </None>
    <None Include="resources\engine\font\materialdesignicons\materialdesignicons-webfont.ttf.zstdcmp">
      <Filter>Resource Files\resources\engine\font\materialdesignicons</Filter>
    </None>
    <None Include="resources\engine\font\min\LICENSE">
      <Filter>Resource Files\resources\engine\font\min</Filter>
    </None>
    <None Include="resources\engine\font\min\siv3d-min.woff">
      <Filter>Resource Files\resources\engine\font\min</Filter>
    </None>
    <None Include="resources\engine\font\mplus\LICENSE_E">
      <Filter>Resource Files\resources\engine\font\mplus</Filter>
    </None>
    <None Include="resources\engine\font\mplus\mplus-1p-black.ttf.zstdcmp">
      <Filter>Resource Files\resources\engine\font\mplus</Filter>
    </None>
    <None Include="resources\engine\font\mplus\mplus-1p-bold.ttf.zstdcmp">
      <Filter>Resource Files\resources\engine\font\mplus</Filter>
    </None>
    <None Include="resources\engine\font\mplus\mplus-1p-heavy.ttf.zstdcmp">
      <Filter>Resource Files\resources\engine\font\mplus</Filter>
    </None>
    <None Include="resources\engine\font\mplus\mplus-1p-light.ttf.zstdcmp">
      <Filter>Resource Files\resources\engine\font\mplus</Filter>
    </None>
    <None Include="resources\engine\font\mplus\mplus-1p-medium.ttf.zstdcmp">
      <Filter>Resource Files\resources\engine\font\mplus</Filter>
    </None>
    <None Include="resources\engine\font\mplus\mplus-1p-regular.ttf.zstdcmp">
      <Filter>Resource Files\resources\engine\font\mplus</Filter>
    </None>
    <None Include="resources\engine\font\mplus\mplus-1p-thin.ttf.zstdcmp">
      <Filter>Resource Files\resources\engine\font\mplus</Filter>
    </None>
    <None Include="resources\engine\font\noto-cjk\LICENSE">
      <Filter>Resource Files\resources\engine\font\noto-cjk</Filter>
    </None>
    <None Include="resources\engine\font\noto-cjk\NotoSansCJK-Regular.ttc.zstdcmp">
      <Filter>Resource Files\resources\engine\font\noto-cjk</Filter>
    </None>
    <None Include="resources\engine\font\noto-cjk\NotoSansJP-Regular.otf.zstdcmp">
      <Filter>Resource Files\resources\engine\font\noto-cjk</Filter>
    </None>
    <None Include="resources\engine\font\noto-emoji\LICENSE">
      <Filter>Resource Files\resources\engine\font\noto-emoji</Filter>
    </None>
    <None Include="resources\engine\font\noto-emoji\NotoColorEmoji.ttf.zstdcmp">
      <Filter>Resource Files\resources\engine\font\noto-emoji</Filter>
    </None>
    <None Include="resources\engine\font\noto-emoji\NotoEmoji-Regular.ttf.zstdcmp">
      <Filter>Resource Files\resources\engine\font\noto-emoji</Filter>
    </None>
    <None Include="resources\engine\shader\essl\apply_srgb_curve.frag">
      <Filter>Resource Files\resources\engine\shader\essl</Filter>
    </None>
    <None Include="resources\engine\shader\essl\bitmapfont.frag">
      <Filter>Resource Files\resources\engine\shader\essl</Filter>
    </None>
    <None Include="resources\engine\shader\essl\copy.frag">
      <Filter>Resource Files\resources\engine\shader\essl</Filter>
    </None>
    <None Include="resources\engine\shader\essl\forward3d.frag">
      <Filter>Resource Files\resources\engine\shader\essl</Filter>
    </None>
    <None Include="resources\engine\shader\essl\forward3d.vert">
      <Filter>Resource Files\resources\engine\shader\essl</Filter>
    </None>
    <None Include="resources\engine\shader\essl\fullscreen_triangle.frag">
      <Filter>Resource Files\resources\engine\shader\essl</Filter>
    </None>
    <None Include="resources\engine\shader\essl\fullscreen_triangle.vert">
      <Filter>Resource Files\resources\engine\shader\essl</Filter>
    </None>
    <None Include="resources\engine\shader\essl\gaussian_blur_9.frag">
      <Filter>Resource Files\resources\engine\shader\essl</Filter>
    </None>
    <None Include="resources\engine\shader\essl\line3d.frag">
      <Filter>Resource Files\resources\engine\shader\essl</Filter>
    </None>
    <None Include="resources\engine\shader\essl\line3d.vert">
      <Filter>Resource Files\resources\engine\shader\essl</Filter>
    </None>
    <None Include="resources\engine\shader\essl\msdffont.frag">
      <Filter>Resource Files\resources\engine\shader\essl</Filter>
    </None>
    <None Include="resources\engine\shader\essl\msdffont_outline.frag">
      <Filter>Resource Files\resources\engine\shader\essl</Filter>
    </None>
    <None Include="resources\engine\shader\essl\msdffont_outlineshadow.frag">
      <Filter>Resource Files\resources\engine\shader\essl</Filter>
    </None>
    <None Include="resources\engine\shader\essl\msdffont_shadow.frag">
      <Filter>Resource Files\resources\engine\shader\essl</Filter>
    </None>
    <None Include="resources\engine\shader\essl\msdfprint.frag">
      <Filter>Resource Files\resources\engine\shader\essl</Filter>
    </None>
    <None Include="resources\engine\shader\essl\round_dot.frag">
      <Filter>Resource Files\resources\engine\shader\essl</Filter>
    </None>
    <None Include="resources\engine\shader\essl\sdffont.frag">
      <Filter>Resource Files\resources\engine\shader\essl</Filter>
    </None>
    <None Include="resources\engine\shader\essl\sdffont_outline.frag">
      <Filter>Resource Files\resources\engine\shader\essl</Filter>
    </None>
    <None Include="resources\engine\shader\essl\sdffont_outlineshadow.frag">
      <Filter>Resource Files\resources\engine\shader\essl</Filter>
    </None>
    <None Include="resources\engine\shader\essl\sdffont_shadow.frag">
      <Filter>Resource Files\resources\engine\shader\essl</Filter>
    </None>
    <None Include="resources\engine\shader\essl\shape.frag">
      <Filter>Resource Files\resources\engine\shader\essl</Filter>
    </None>
    <None Include="resources\engine\shader\essl\sky.frag">
      <Filter>Resource Files\resources\engine\shader\essl</Filter>
    </None>
    <None Include="resources\engine\shader\essl\sprite.vert">
      <Filter>Resource Files\resources\engine\shader\essl</Filter>
    </None>
    <None Include="resources\engine\shader\essl\square_dot.frag">
      <Filter>Resource Files\resources\engine\shader\essl</Filter>
    </None>
    <None Include="resources\engine\shader\essl\texture.frag">
      <Filter>Resource Files\resources\engine\shader\essl</Filter>
    </None>
    <None Include="resources\engine\shader\wgsl\apply_srgb_curve.frag.wgsl">
      <Filter>Resource Files\resources\engine\shader\wgsl</Filter>
    </None>
    <None Include="resources\engine\shader\wgsl\bitmapfont.frag.wgsl">
      <Filter>Resource Files\resources\engine\shader\wgsl</Filter>
    </None>
    <None Include="resources\engine\shader\wgsl\copy.frag.wgsl">
      <Filter>Resource Files\resources\engine\shader\wgsl</Filter>
    </None>
    <None Include="resources\engine\shader\wgsl\forward3d.frag.wgsl">
      <Filter>Resource Files\resources\engine\shader\wgsl</Filter>
    </None>
    <None Include="resources\engine\shader\wgsl\forward3d.vert.wgsl">
      <Filter>Resource Files\resources\engine\shader\wgsl</Filter>
    </None>
    <None Include="resources\engine\shader\wgsl\fullscreen_triangle.frag.wgsl">
      <Filter>Resource Files\resources\engine\shader\wgsl</Filter>
    </None>
    <None Include="resources\engine\shader\wgsl\fullscreen_triangle.vert.wgsl">
      <Filter>Resource Files\resources\engine\shader\wgsl</Filter>
    </None>
    <None Include="resources\engine\shader\wgsl\gaussian_blur_9.frag.wgsl">
      <Filter>Resource Files\resources\engine\shader\wgsl</Filter>
    </None>
    <None Include="resources\engine\shader\wgsl\line3d.frag.wgsl">
      <Filter>Resource Files\resources\engine\shader\wgsl</Filter>
    </None>
    <None Include="resources\engine\shader\wgsl\line3d.vert.wgsl">
      <Filter>Resource Files\resources\engine\shader\wgsl</Filter>
    </None>
    <None Include="resources\engine\shader\wgsl\linear_to_screen.frag.wgsl">
      <Filter>Resource Files\resources\engine\shader\wgsl</Filter>
    </None>
    <None Include="resources\engine\shader\wgsl\msdffont.frag.wgsl">
      <Filter>Resource Files\resources\engine\shader\wgsl</Filter>
    </None>
    <None Include="resources\engine\shader\wgsl\msdffont_outline.frag.wgsl">
      <Filter>Resource Files\resources\engine\shader\wgsl</Filter>
    </None>
    <None Include="resources\engine\shader\wgsl\msdffont_outlineshadow.frag.wgsl">
      <Filter>Resource Files\resources\engine\shader\wgsl</Filter>
    </None>
    <None Include="resources\engine\shader\wgsl\msdffont_shadow.frag.wgsl">
      <Filter>Resource Files\resources\engine\shader\wgsl</Filter>
    </None>
    <None Include="resources\engine\shader\wgsl\msdfprint.frag.wgsl">
      <Filter>Resource Files\resources\engine\shader\wgsl</Filter>
    </None>
    <None Include="resources\engine\shader\wgsl\round_dot.frag.wgsl">
      <Filter>Resource Files\resources\engine\shader\wgsl</Filter>
    </None>
    <None Include="resources\engine\shader\wgsl\sdffont.frag.wgsl">
      <Filter>Resource Files\resources\engine\shader\wgsl</Filter>
    </None>
    <None Include="resources\engine\shader\wgsl\sdffont_outline.frag.wgsl">
      <Filter>Resource Files\resources\engine\shader\wgsl</Filter>
    </None>
    <None Include="resources\engine\shader\wgsl\sdffont_outlineshadow.frag.wgsl">
      <Filter>Resource Files\resources\engine\shader\wgsl</Filter>
    </None>
    <None Include="resources\engine\shader\wgsl\sdffont_shadow.frag.wgsl">
      <Filter>Resource Files\resources\engine\shader\wgsl</Filter>
    </None>
    <None Include="resources\engine\shader\wgsl\shape.frag.wgsl">
      <Filter>Resource Files\resources\engine\shader\wgsl</Filter>
    </None>
    <None Include="resources\engine\shader\wgsl\sky.frag.wgsl">
      <Filter>Resource Files\resources\engine\shader\wgsl</Filter>
    </None>
    <None Include="resources\engine\shader\wgsl\sprite.vert.wgsl">
      <Filter>Resource Files\resources\engine\shader\wgsl</Filter>
    </None>
    <None Include="resources\engine\shader\wgsl\square_dot.frag.wgsl">
      <Filter>Resource Files\resources\engine\shader\wgsl</Filter>
    </None>
    <None Include="resources\engine\shader\wgsl\texture.frag.wgsl">
      <Filter>Resource Files\resources\engine\shader\wgsl</Filter>
    </None>
    <None Include="resources\engine\soundfont\GMGSx.sf2.txt">
      <Filter>Resource Files\resources\engine\soundfont</Filter>
    </None>
    <None Include="resources\engine\soundfont\GMGSx.sf2.zstdcmp">
      <Filter>Resource Files\resources\engine\soundfont</Filter>
    </None>
    <None Include="resources\engine\texture\box-shadow\128.png">
      <Filter>Resource Files\resources\engine\texture\box-shadow</Filter>
    </None>
    <None Include="resources\engine\texture\box-shadow\16.png">
      <Filter>Resource Files\resources\engine\texture\box-shadow</Filter>
    </None>
    <None Include="resources\engine\texture\box-shadow\256.png">
      <Filter>Resource Files\resources\engine\texture\box-shadow</Filter>
    </None>
    <None Include="resources\engine\texture\box-shadow\32.png">
      <Filter>Resource Files\resources\engine\texture\box-shadow</Filter>
    </None>
    <None Include="resources\engine\texture\box-shadow\64.png">
      <Filter>Resource Files\resources\engine\texture\box-shadow</Filter>
    </None>
    <None Include="resources\engine\texture\box-shadow\8.png">
      <Filter>Resource Files\resources\engine\texture\box-shadow</Filter>
    </None>

    <None Include="example\LICENSE.txt">
      <Filter>Resource Files\example</Filter>
    </None>
    <None Include="example\bay.jpg">
      <Filter>Resource Files\example</Filter>
    </None>
    <None Include="example\csv\config.csv">
      <Filter>Resource Files\example\csv</Filter>
    </None>
    <None Include="example\font\DotGothic16\DotGothic16-Regular.ttf">
      <Filter>Resource Files\example\font\DotGothic16</Filter>
    </None>
    <None Include="example\font\DotGothic16\OFL.txt">
      <Filter>Resource Files\example\font\DotGothic16</Filter>
    </None>
    <None Include="example\font\DotGothic16\README-JP.md">
      <Filter>Resource Files\example\font\DotGothic16</Filter>
    </None>
    <None Include="example\font\DotGothic16\README.md">
      <Filter>Resource Files\example\font\DotGothic16</Filter>
    </None>
    <None Include="example\font\RocknRoll\OFL.txt">
      <Filter>Resource Files\example\font\RocknRoll</Filter>
    </None>
    <None Include="example\font\RocknRoll\README-JP.md">
      <Filter>Resource Files\example\font\RocknRoll</Filter>
    </None>
    <None Include="example\font\RocknRoll\README.md">
      <Filter>Resource Files\example\font\RocknRoll</Filter>
    </None>
    <None Include="example\font\RocknRoll\RocknRollOne-Regular.ttf">
      <Filter>Resource Files\example\font\RocknRoll</Filter>
    </None>
    <None Include="example\geojson\countries.geojson">
      <Filter>Resource Files\example\geojson</Filter>
    </None>
    <None Include="example\gif\test.gif">
      <Filter>Resource Files\example\gif</Filter>
    </None>
    <None Include="example\ini\config.ini">
      <Filter>Resource Files\example\ini</Filter>
    </None>
    <None Include="example\json\config.json">
      <Filter>Resource Files\example\json</Filter>
    </None>
    <None Include="example\json\empty.json">
      <Filter>Resource Files\example\json</Filter>
    </None>
    <None Include="example\json\invalid-blank.json">
      <Filter>Resource Files\example\json</Filter>
    </None>
    <None Include="example\json\invalid-syntax.json">
      <Filter>Resource Files\example\json</Filter>
    </None>
    <None Include="example\json\test.json">
      <Filter>Resource Files\example\json</Filter>
    </None>
    <None Include="example\midi\test.mid">
      <Filter>Resource Files\example\midi</Filter>
    </None>
    <None Include="example\midi\test.txt">
      <Filter>Resource Files\example\midi</Filter>
    </None>
    <None Include="example\obj\bark.jpg">
      <Filter>Resource Files\example\obj</Filter>
    </None>
    <None Include="example\obj\blacksmith.mtl">
      <Filter>Resource Files\example\obj</Filter>
    </None>
    <None Include="example\obj\blacksmith.obj">
      <Filter>Resource Files\example\obj</Filter>
    </None>
    <None Include="example\obj\credit.txt">
      <Filter>Resource Files\example\obj</Filter>
    </None>
    <None Include="example\obj\crystal1.mtl">
      <Filter>Resource Files\example\obj</Filter>
    </None>
    <None Include="example\obj\crystal1.obj">
      <Filter>Resource Files\example\obj</Filter>
    </None>
    <None Include="example\obj\crystal2.mtl">
      <Filter>Resource Files\example\obj</Filter>
    </None>
    <None Include="example\obj\crystal2.obj">
      <Filter>Resource Files\example\obj</Filter>
    </None>
    <None Include="example\obj\crystal3.mtl">
      <Filter>Resource Files\example\obj</Filter>
    </None>
    <None Include="example\obj\crystal3.obj">
      <Filter>Resource Files\example\obj</Filter>
    </None>
    <None Include="example\obj\leaves.png">
      <Filter>Resource Files\example\obj</Filter>
    </None>
    <None Include="example\obj\mill.mtl">
      <Filter>Resource Files\example\obj</Filter>
    </None>
    <None Include="example\obj\mill.obj">
      <Filter>Resource Files\example\obj</Filter>
    </None>
    <None Include="example\obj\pine.mtl">
      <Filter>Resource Files\example\obj</Filter>
    </None>
    <None Include="example\obj\pine.obj">
      <Filter>Resource Files\example\obj</Filter>
    </None>
    <None Include="example\obj\pine_leaves_red.png">
      <Filter>Resource Files\example\obj</Filter>
    </None>
    <None Include="example\obj\siv3d-kun-eye.png">
      <Filter>Resource Files\example\obj</Filter>
    </None>
    <None Include="example\obj\siv3d-kun.mtl">
      <Filter>Resource Files\example\obj</Filter>
    </None>
    <None Include="example\obj\siv3d-kun.obj">
      <Filter>Resource Files\example\obj</Filter>
    </None>
    <None Include="example\obj\siv3d-kun.png">
      <Filter>Resource Files\example\obj</Filter>
    </None>
    <None Include="example\obj\tree.mtl">
      <Filter>Resource Files\example\obj</Filter>
    </None>
    <None Include="example\obj\tree.obj">
      <Filter>Resource Files\example\obj</Filter>
    </None>
    <None Include="example\objdetect\haarcascade\eye.xml">
      <Filter>Resource Files\example\objdetect\haarcascade</Filter>
    </None>
    <None Include="example\objdetect\haarcascade\face_anime.xml">
      <Filter>Resource Files\example\objdetect\haarcascade</Filter>
    </None>
    <None Include="example\objdetect\haarcascade\frontal_catface.xml">
      <Filter>Resource Files\example\objdetect\haarcascade</Filter>
    </None>
    <None Include="example\objdetect\haarcascade\frontal_face_alt2.xml">
      <Filter>Resource Files\example\objdetect\haarcascade</Filter>
    </None>
    <None Include="example\particle.png">
      <Filter>Resource Files\example</Filter>
    </None>
    <None Include="example\script\breakout.as">
      <Filter>Resource Files\example\script</Filter>
    </None>
    <None Include="example\script\hello.as">
      <Filter>Resource Files\example\script</Filter>
    </None>
    <None Include="example\script\paint.as">
      <Filter>Resource Files\example\script</Filter>
    </None>
    <None Include="example\script\piano.as">
      <Filter>Resource Files\example\script</Filter>
    </None>
    <None Include="example\script\test.as">
      <Filter>Resource Files\example\script</Filter>
    </None>
    <None Include="example\shader\essl\default2d.vert">
      <Filter>Resource Files\example\shader\essl</Filter>
    </None>
    <None Include="example\shader\essl\default2d_shape.frag">
      <Filter>Resource Files\example\shader\essl</Filter>
    </None>
    <None Include="example\shader\essl\default2d_texture.frag">
      <Filter>Resource Files\example\shader\essl</Filter>
    </None>
    <None Include="example\shader\essl\default3d_forward.frag">
      <Filter>Resource Files\example\shader\essl</Filter>
    </None>
    <None Include="example\shader\essl\default3d_forward.vert">
      <Filter>Resource Files\example\shader\essl</Filter>
    </None>
    <None Include="example\shader\essl\extract_bright_linear.frag">
      <Filter>Resource Files\example\shader\essl</Filter>
    </None>
    <None Include="example\shader\essl\forward_fog.frag">
      <Filter>Resource Files\example\shader\essl</Filter>
    </None>
    <None Include="example\shader\essl\forward_triplanar.frag">
      <Filter>Resource Files\example\shader\essl</Filter>
    </None>
    <None Include="example\shader\essl\game_of_life.frag">
      <Filter>Resource Files\example\shader\essl</Filter>
    </None>
    <None Include="example\shader\essl\grayscale.frag">
      <Filter>Resource Files\example\shader\essl</Filter>
    </None>
    <None Include="example\shader\essl\homography.frag">
      <Filter>Resource Files\example\shader\essl</Filter>
    </None>
    <None Include="example\shader\essl\homography.vert">
      <Filter>Resource Files\example\shader\essl</Filter>
    </None>
    <None Include="example\shader\essl\multi_texture_blend.frag">
      <Filter>Resource Files\example\shader\essl</Filter>
    </None>
    <None Include="example\shader\essl\multi_texture_mask.frag">
      <Filter>Resource Files\example\shader\essl</Filter>
    </None>
    <None Include="example\shader\essl\poisson_disk.frag">
      <Filter>Resource Files\example\shader\essl</Filter>
    </None>
    <None Include="example\shader\essl\posterize.frag">
      <Filter>Resource Files\example\shader\essl</Filter>
    </None>
    <None Include="example\shader\essl\rgb_shift.frag">
      <Filter>Resource Files\example\shader\essl</Filter>
    </None>
    <None Include="example\shader\essl\rgb_to_bgr.frag">
      <Filter>Resource Files\example\shader\essl</Filter>
    </None>
    <None Include="example\shader\essl\soft_shape.vert">
      <Filter>Resource Files\example\shader\essl</Filter>
    </None>
    <None Include="example\shader\essl\swirl.frag">
      <Filter>Resource Files\example\shader\essl</Filter>
    </None>
    <None Include="example\shader\essl\terrain_forward.frag">
      <Filter>Resource Files\example\shader\essl</Filter>
    </None>
    <None Include="example\shader\essl\terrain_forward.vert">
      <Filter>Resource Files\example\shader\essl</Filter>
    </None>
    <None Include="example\shader\essl\terrain_normal.frag">
      <Filter>Resource Files\example\shader\essl</Filter>
    </None>
    <None Include="example\shader\wgsl\default2d.vert.wgsl">
      <Filter>Resource Files\example\shader\wgsl</Filter>
    </None>
    <None Include="example\shader\wgsl\default2d_shape.frag.wgsl">
      <Filter>Resource Files\example\shader\wgsl</Filter>
    </None>
    <None Include="example\shader\wgsl\default2d_texture.frag.wgsl">
      <Filter>Resource Files\example\shader\wgsl</Filter>
    </None>
    <None Include="example\shader\wgsl\default3d_forward.frag.wgsl">
      <Filter>Resource Files\example\shader\wgsl</Filter>
    </None>
    <None Include="example\shader\wgsl\default3d_forward.vert.wgsl">
      <Filter>Resource Files\example\shader\wgsl</Filter>
    </None>
    <None Include="example\shader\wgsl\extract_bright_linear.frag.wgsl">
      <Filter>Resource Files\example\shader\wgsl</Filter>
    </None>
    <None Include="example\shader\wgsl\forward_fog.frag.wgsl">
      <Filter>Resource Files\example\shader\wgsl</Filter>
    </None>
    <None Include="example\shader\wgsl\forward_triplanar.frag.wgsl">
      <Filter>Resource Files\example\shader\wgsl</Filter>
    </None>
    <None Include="example\shader\wgsl\game_of_life.frag.wgsl">
      <Filter>Resource Files\example\shader\wgsl</Filter>
    </None>
    <None Include="example\shader\wgsl\grayscale.frag.wgsl">
      <Filter>Resource Files\example\shader\wgsl</Filter>
    </None>
    <None Include="example\shader\wgsl\homography.frag.wgsl">
      <Filter>Resource Files\example\shader\wgsl</Filter>
    </None>
    <None Include="example\shader\wgsl\homography.vert.wgsl">
      <Filter>Resource Files\example\shader\wgsl</Filter>
    </None>
    <None Include="example\shader\wgsl\multi_texture_blend.frag.wgsl">
      <Filter>Resource Files\example\shader\wgsl</Filter>
    </None>
    <None Include="example\shader\wgsl\multi_texture_mask.frag.wgsl">
      <Filter>Resource Files\example\shader\wgsl</Filter>
    </None>
    <None Include="example\shader\wgsl\poisson_disk.frag.wgsl">
      <Filter>Resource Files\example\shader\wgsl</Filter>
    </None>
    <None Include="example\shader\wgsl\posterize.frag.wgsl">
      <Filter>Resource Files\example\shader\wgsl</Filter>
    </None>
    <None Include="example\shader\wgsl\rgb_shift.frag.wgsl">
      <Filter>Resource Files\example\shader\wgsl</Filter>
    </None>
    <None Include="example\shader\wgsl\rgb_to_bgr.frag.wgsl">
      <Filter>Resource Files\example\shader\wgsl</Filter>
    </None>
    <None Include="example\shader\wgsl\soft_shape.vert.wgsl">
      <Filter>Resource Files\example\shader\wgsl</Filter>
    </None>
    <None Include="example\shader\wgsl\swirl.frag.wgsl">
      <Filter>Resource Files\example\shader\wgsl</Filter>
    </None>
    <None Include="example\shader\wgsl\terrain_forward.frag.wgsl">
      <Filter>Resource Files\example\shader\wgsl</Filter>
    </None>
    <None Include="example\shader\wgsl\terrain_forward.vert.wgsl">
      <Filter>Resource Files\example\shader\wgsl</Filter>
    </None>
    <None Include="example\shader\wgsl\terrain_normal.frag.wgsl">
      <Filter>Resource Files\example\shader\wgsl</Filter>
    </None>
    <None Include="example\shot.mp3">
      <Filter>Resource Files\example</Filter>
    </None>
    <None Include="example\siv3d-kun.png">
      <Filter>Resource Files\example</Filter>
    </None>
    <None Include="example\spritesheet\siv3d-kun-16.png">
      <Filter>Resource Files\example\spritesheet</Filter>
    </None>
    <None Include="example\spritesheet\siv3d-kun-16.txt">
      <Filter>Resource Files\example\spritesheet</Filter>
    </None>
    <None Include="example\svg\README.txt">
      <Filter>Resource Files\example\svg</Filter>
    </None>
    <None Include="example\svg\cat.svg">
      <Filter>Resource Files\example\svg</Filter>
    </None>
    <None Include="example\svg\turtle.svg">
      <Filter>Resource Files\example\svg</Filter>
    </None>
    <None Include="example\test.mp3">
      <Filter>Resource Files\example</Filter>
    </None>
    <None Include="example\texture\credit.txt">
      <Filter>Resource Files\example\texture</Filter>
    </None>
    <None Include="example\texture\earth.jpg">
      <Filter>Resource Files\example\texture</Filter>
    </None>
    <None Include="example\texture\grass.jpg">
      <Filter>Resource Files\example\texture</Filter>
    </None>
    <None Include="example\texture\ground.jpg">
      <Filter>Resource Files\example\texture</Filter>
    </None>
    <None Include="example\texture\rock.jpg">
      <Filter>Resource Files\example\texture</Filter>
    </None>
    <None Include="example\texture\uv.png">
      <Filter>Resource Files\example\texture</Filter>
    </None>
    <None Include="example\texture\wood.jpg">
      <Filter>Resource Files\example\texture</Filter>
    </None>
    <None Include="example\toml\config.toml">
      <Filter>Resource Files\example\toml</Filter>
    </None>
    <None Include="example\toml\test.toml">
      <Filter>Resource Files\example\toml</Filter>
    </None>
    <None Include="example\txt\en.txt">
      <Filter>Resource Files\example\txt</Filter>
    </None>
    <None Include="example\txt\jp.txt">
      <Filter>Resource Files\example\txt</Filter>
    </None>
    <None Include="example\txt\kr.txt">
      <Filter>Resource Files\example\txt</Filter>
    </None>
    <None Include="example\txt\sc.txt">
      <Filter>Resource Files\example\txt</Filter>
    </None>
    <None Include="example\video\river.mp4">
      <Filter>Resource Files\example\video</Filter>
    </None>
    <None Include="example\video\river.txt">
      <Filter>Resource Files\example\video</Filter>
    </None>
    <None Include="example\windmill.png">
      <Filter>Resource Files\example</Filter>
    </None>
    <None Include="example\xml\config.xml">
      <Filter>Resource Files\example\xml</Filter>
    </None>
    <None Include="example\xml\test.xml">
      <Filter>Resource Files\example\xml</Filter>
    </None>
    <None Include="example\zip\zip_test.zip">
      <Filter>Resource Files\example\zip</Filter>
    </None>

  </ItemGroup>
  <ItemGroup>
    <None Include="Templates\Embeddable\web-player.html">
      <Filter>Template Files\Embeddable</Filter>
    </None>
    <None Include="Templates\Embeddable\web-player.js">
      <Filter>Template Files\Embeddable</Filter>
    </None>
  </ItemGroup>
  <ItemGroup>
    <ClCompile Include="Main.cpp">
      <Filter>Source Files</Filter>
    </ClCompile>
  </ItemGroup>
</Project>